// !$*UTF8*$!
{
	archiveVersion = 1;
	classes = {
	};
	objectVersion = 46;
	objects = {

/* Begin PBXBuildFile section */
		63ACAB051545EEC6004E1FF6 /* GameModeSelectionScene.m in Sources */ = {isa = PBXBuildFile; fileRef = 63ACAB041545EEC6004E1FF6 /* GameModeSelectionScene.m */; };
		63ACAB101545F308004E1FF6 /* Buttons in Resources */ = {isa = PBXBuildFile; fileRef = 63ACAB0F1545F308004E1FF6 /* Buttons */; };
		63ACAB12154605BF004E1FF6 /* HUD in Resources */ = {isa = PBXBuildFile; fileRef = 63ACAB11154605BF004E1FF6 /* HUD */; };
		63ACAB17154609BD004E1FF6 /* LayerBase.m in Sources */ = {isa = PBXBuildFile; fileRef = 63ACAB16154609BD004E1FF6 /* LayerBase.m */; };
		63ACAB1A15460AD0004E1FF6 /* SinglePlayerScene.m in Sources */ = {isa = PBXBuildFile; fileRef = 63ACAB1915460AD0004E1FF6 /* SinglePlayerScene.m */; };
		63ACAB1C15470D69004E1FF6 /* Maps in Resources */ = {isa = PBXBuildFile; fileRef = 63ACAB1B15470D69004E1FF6 /* Maps */; };
		63ACAB201548BC35004E1FF6 /* Map.m in Sources */ = {isa = PBXBuildFile; fileRef = 63ACAB1F1548BC35004E1FF6 /* Map.m */; };
		63ACAB231548C359004E1FF6 /* Territory.m in Sources */ = {isa = PBXBuildFile; fileRef = 63ACAB221548C359004E1FF6 /* Territory.m */; };
		AA37CC40154F281F00CE7835 /* NSMutableArray_Shuffling.m in Sources */ = {isa = PBXBuildFile; fileRef = AA37CC3F154F281F00CE7835 /* NSMutableArray_Shuffling.m */; };
		AA3B0379154F37BF0000D6A7 /* UIColor_ColorFromUInt32.m in Sources */ = {isa = PBXBuildFile; fileRef = AA3B0378154F37BF0000D6A7 /* UIColor_ColorFromUInt32.m */; };
		AA3B037D154F5C940000D6A7 /* ComputerPlayer.m in Sources */ = {isa = PBXBuildFile; fileRef = AA3B037C154F5C940000D6A7 /* ComputerPlayer.m */; };
		AA3B0380154F5DA30000D6A7 /* GameLostScene.m in Sources */ = {isa = PBXBuildFile; fileRef = AA3B037F154F5DA30000D6A7 /* GameLostScene.m */; };
		AA3B0383154F60020000D6A7 /* EasyComputerPlayer.m in Sources */ = {isa = PBXBuildFile; fileRef = AA3B0382154F60020000D6A7 /* EasyComputerPlayer.m */; };
		AA6C7C301550AE4900600DAA /* libGoogleAnalytics.a in Frameworks */ = {isa = PBXBuildFile; fileRef = AA6C7C2E1550AE4900600DAA /* libGoogleAnalytics.a */; };
		AA6C7C9D1550AE5000600DAA /* libCrittercism_v3_1_5.a in Frameworks */ = {isa = PBXBuildFile; fileRef = AA6C7C371550AE5000600DAA /* libCrittercism_v3_1_5.a */; };
		AA6C7C9E1550AE5000600DAA /* crittercism-arrow-l.png in Resources */ = {isa = PBXBuildFile; fileRef = AA6C7C531550AE5000600DAA /* crittercism-arrow-l.png */; };
		AA6C7C9F1550AE5000600DAA /* crittercism-arrow-l@2x.png in Resources */ = {isa = PBXBuildFile; fileRef = AA6C7C541550AE5000600DAA /* crittercism-arrow-l@2x.png */; };
		AA6C7CA01550AE5000600DAA /* crittercism-arrow-left-gray-border.png in Resources */ = {isa = PBXBuildFile; fileRef = AA6C7C551550AE5000600DAA /* crittercism-arrow-left-gray-border.png */; };
		AA6C7CA11550AE5000600DAA /* crittercism-arrow-left-no-border.png in Resources */ = {isa = PBXBuildFile; fileRef = AA6C7C561550AE5000600DAA /* crittercism-arrow-left-no-border.png */; };
		AA6C7CA21550AE5000600DAA /* crittercism-arrow-left.png in Resources */ = {isa = PBXBuildFile; fileRef = AA6C7C571550AE5000600DAA /* crittercism-arrow-left.png */; };
		AA6C7CA31550AE5000600DAA /* crittercism-arrow-let-no-border.png in Resources */ = {isa = PBXBuildFile; fileRef = AA6C7C581550AE5000600DAA /* crittercism-arrow-let-no-border.png */; };
		AA6C7CA41550AE5000600DAA /* crittercism-arrow-r.png in Resources */ = {isa = PBXBuildFile; fileRef = AA6C7C591550AE5000600DAA /* crittercism-arrow-r.png */; };
		AA6C7CA51550AE5000600DAA /* crittercism-arrow-r@2x.png in Resources */ = {isa = PBXBuildFile; fileRef = AA6C7C5A1550AE5000600DAA /* crittercism-arrow-r@2x.png */; };
		AA6C7CA61550AE5000600DAA /* crittercism-arrow-right-green-border.png in Resources */ = {isa = PBXBuildFile; fileRef = AA6C7C5B1550AE5000600DAA /* crittercism-arrow-right-green-border.png */; };
		AA6C7CA71550AE5000600DAA /* crittercism-arrow-right-no-border.png in Resources */ = {isa = PBXBuildFile; fileRef = AA6C7C5C1550AE5000600DAA /* crittercism-arrow-right-no-border.png */; };
		AA6C7CA81550AE5000600DAA /* crittercism-avatar-default.png in Resources */ = {isa = PBXBuildFile; fileRef = AA6C7C5D1550AE5000600DAA /* crittercism-avatar-default.png */; };
		AA6C7CA91550AE5000600DAA /* crittercism-avatar-us.png in Resources */ = {isa = PBXBuildFile; fileRef = AA6C7C5E1550AE5000600DAA /* crittercism-avatar-us.png */; };
		AA6C7CAA1550AE5000600DAA /* crittercism-bg-00.png in Resources */ = {isa = PBXBuildFile; fileRef = AA6C7C5F1550AE5000600DAA /* crittercism-bg-00.png */; };
		AA6C7CAB1550AE5000600DAA /* crittercism-bg-categorize-as.png in Resources */ = {isa = PBXBuildFile; fileRef = AA6C7C601550AE5000600DAA /* crittercism-bg-categorize-as.png */; };
		AA6C7CAC1550AE5000600DAA /* crittercism-bg-edit-form.png in Resources */ = {isa = PBXBuildFile; fileRef = AA6C7C611550AE5000600DAA /* crittercism-bg-edit-form.png */; };
		AA6C7CAD1550AE5000600DAA /* crittercism-bg-edit-form@2x~iphone.png in Resources */ = {isa = PBXBuildFile; fileRef = AA6C7C621550AE5000600DAA /* crittercism-bg-edit-form@2x~iphone.png */; };
		AA6C7CAE1550AE5000600DAA /* crittercism-bg-inactive-overlay.png in Resources */ = {isa = PBXBuildFile; fileRef = AA6C7C631550AE5000600DAA /* crittercism-bg-inactive-overlay.png */; };
		AA6C7CAF1550AE5000600DAA /* crittercism-bg-reply-to.png in Resources */ = {isa = PBXBuildFile; fileRef = AA6C7C641550AE5000600DAA /* crittercism-bg-reply-to.png */; };
		AA6C7CB01550AE5000600DAA /* crittercism-btn-add-comment-sel.png in Resources */ = {isa = PBXBuildFile; fileRef = AA6C7C651550AE5000600DAA /* crittercism-btn-add-comment-sel.png */; };
		AA6C7CB11550AE5000600DAA /* crittercism-btn-add-comment.png in Resources */ = {isa = PBXBuildFile; fileRef = AA6C7C661550AE5000600DAA /* crittercism-btn-add-comment.png */; };
		AA6C7CB21550AE5000600DAA /* crittercism-btn-cancel.png in Resources */ = {isa = PBXBuildFile; fileRef = AA6C7C671550AE5000600DAA /* crittercism-btn-cancel.png */; };
		AA6C7CB31550AE5000600DAA /* crittercism-btn-close.png in Resources */ = {isa = PBXBuildFile; fileRef = AA6C7C681550AE5000600DAA /* crittercism-btn-close.png */; };
		AA6C7CB41550AE5000600DAA /* crittercism-btn-submit.png in Resources */ = {isa = PBXBuildFile; fileRef = AA6C7C691550AE5000600DAA /* crittercism-btn-submit.png */; };
		AA6C7CB51550AE5000600DAA /* crittercism-btn-thumbs-dn-default.png in Resources */ = {isa = PBXBuildFile; fileRef = AA6C7C6A1550AE5000600DAA /* crittercism-btn-thumbs-dn-default.png */; };
		AA6C7CB61550AE5000600DAA /* crittercism-btn-thumbs-dn-voted.png in Resources */ = {isa = PBXBuildFile; fileRef = AA6C7C6B1550AE5000600DAA /* crittercism-btn-thumbs-dn-voted.png */; };
		AA6C7CB71550AE5000600DAA /* crittercism-btn-thumbs-up-default.png in Resources */ = {isa = PBXBuildFile; fileRef = AA6C7C6C1550AE5000600DAA /* crittercism-btn-thumbs-up-default.png */; };
		AA6C7CB81550AE5000600DAA /* crittercism-btn-thumbs-up-pressed.png in Resources */ = {isa = PBXBuildFile; fileRef = AA6C7C6D1550AE5000600DAA /* crittercism-btn-thumbs-up-pressed.png */; };
		AA6C7CB91550AE5000600DAA /* crittercism-btn-thumbs-up-pressed@2x.png in Resources */ = {isa = PBXBuildFile; fileRef = AA6C7C6E1550AE5000600DAA /* crittercism-btn-thumbs-up-pressed@2x.png */; };
		AA6C7CBA1550AE5000600DAA /* crittercism-btn-thumbs-up-voted.png in Resources */ = {isa = PBXBuildFile; fileRef = AA6C7C6F1550AE5000600DAA /* crittercism-btn-thumbs-up-voted.png */; };
		AA6C7CBB1550AE5000600DAA /* crittercism-btn-thumbs-up.png in Resources */ = {isa = PBXBuildFile; fileRef = AA6C7C701550AE5000600DAA /* crittercism-btn-thumbs-up.png */; };
		AA6C7CBC1550AE5000600DAA /* crittercism-btn-thumbs-up@2x.png in Resources */ = {isa = PBXBuildFile; fileRef = AA6C7C711550AE5000600DAA /* crittercism-btn-thumbs-up@2x.png */; };
		AA6C7CBD1550AE5000600DAA /* crittercism-bug.png in Resources */ = {isa = PBXBuildFile; fileRef = AA6C7C721550AE5000600DAA /* crittercism-bug.png */; };
		AA6C7CBE1550AE5000600DAA /* crittercism-checkbox-checked.png in Resources */ = {isa = PBXBuildFile; fileRef = AA6C7C731550AE5000600DAA /* crittercism-checkbox-checked.png */; };
		AA6C7CBF1550AE5000600DAA /* crittercism-checkbox-unchecked.png in Resources */ = {isa = PBXBuildFile; fileRef = AA6C7C741550AE5000600DAA /* crittercism-checkbox-unchecked.png */; };
		AA6C7CC01550AE5000600DAA /* crittercism-dev-profile-halfsize.png in Resources */ = {isa = PBXBuildFile; fileRef = AA6C7C751550AE5000600DAA /* crittercism-dev-profile-halfsize.png */; };
		AA6C7CC11550AE5000600DAA /* crittercism-dev-profile-halfsize@2x.png in Resources */ = {isa = PBXBuildFile; fileRef = AA6C7C761550AE5000600DAA /* crittercism-dev-profile-halfsize@2x.png */; };
		AA6C7CC21550AE5000600DAA /* crittercism-feedback-forum-bg-gradient.png in Resources */ = {isa = PBXBuildFile; fileRef = AA6C7C771550AE5000600DAA /* crittercism-feedback-forum-bg-gradient.png */; };
		AA6C7CC31550AE5000600DAA /* crittercism-gray.png in Resources */ = {isa = PBXBuildFile; fileRef = AA6C7C781550AE5000600DAA /* crittercism-gray.png */; };
		AA6C7CC41550AE5000600DAA /* crittercism-green.png in Resources */ = {isa = PBXBuildFile; fileRef = AA6C7C791550AE5000600DAA /* crittercism-green.png */; };
		AA6C7CC51550AE5000600DAA /* crittercism-hamster-ftw.png in Resources */ = {isa = PBXBuildFile; fileRef = AA6C7C7A1550AE5000600DAA /* crittercism-hamster-ftw.png */; };
		AA6C7CC61550AE5000600DAA /* crittercism-hamster-twitter.png in Resources */ = {isa = PBXBuildFile; fileRef = AA6C7C7B1550AE5000600DAA /* crittercism-hamster-twitter.png */; };
		AA6C7CC71550AE5000600DAA /* crittercism-hamster.png in Resources */ = {isa = PBXBuildFile; fileRef = AA6C7C7C1550AE5000600DAA /* crittercism-hamster.png */; };
		AA6C7CC81550AE5000600DAA /* crittercism-icon-cat-idea.png in Resources */ = {isa = PBXBuildFile; fileRef = AA6C7C7D1550AE5000600DAA /* crittercism-icon-cat-idea.png */; };
		AA6C7CC91550AE5000600DAA /* crittercism-icon-cat-idea@2x.png in Resources */ = {isa = PBXBuildFile; fileRef = AA6C7C7E1550AE5000600DAA /* crittercism-icon-cat-idea@2x.png */; };
		AA6C7CCA1550AE5000600DAA /* crittercism-icon-cat-love.png in Resources */ = {isa = PBXBuildFile; fileRef = AA6C7C7F1550AE5000600DAA /* crittercism-icon-cat-love.png */; };
		AA6C7CCB1550AE5000600DAA /* crittercism-icon-cat-love@2x.png in Resources */ = {isa = PBXBuildFile; fileRef = AA6C7C801550AE5000600DAA /* crittercism-icon-cat-love@2x.png */; };
		AA6C7CCC1550AE5000600DAA /* crittercism-icon-cat-problem.png in Resources */ = {isa = PBXBuildFile; fileRef = AA6C7C811550AE5000600DAA /* crittercism-icon-cat-problem.png */; };
		AA6C7CCD1550AE5000600DAA /* crittercism-icon-cat-problem@2x.png in Resources */ = {isa = PBXBuildFile; fileRef = AA6C7C821550AE5000600DAA /* crittercism-icon-cat-problem@2x.png */; };
		AA6C7CCE1550AE5000600DAA /* crittercism-icon-cat-question.png in Resources */ = {isa = PBXBuildFile; fileRef = AA6C7C831550AE5000600DAA /* crittercism-icon-cat-question.png */; };
		AA6C7CCF1550AE5000600DAA /* crittercism-icon-cat-question@2x.png in Resources */ = {isa = PBXBuildFile; fileRef = AA6C7C841550AE5000600DAA /* crittercism-icon-cat-question@2x.png */; };
		AA6C7CD01550AE5000600DAA /* crittercism-icon-tab-01.png in Resources */ = {isa = PBXBuildFile; fileRef = AA6C7C851550AE5000600DAA /* crittercism-icon-tab-01.png */; };
		AA6C7CD11550AE5000600DAA /* crittercism-idea.png in Resources */ = {isa = PBXBuildFile; fileRef = AA6C7C861550AE5000600DAA /* crittercism-idea.png */; };
		AA6C7CD21550AE5000600DAA /* crittercism-love.png in Resources */ = {isa = PBXBuildFile; fileRef = AA6C7C871550AE5000600DAA /* crittercism-love.png */; };
		AA6C7CD31550AE5000600DAA /* crittercism-other.png in Resources */ = {isa = PBXBuildFile; fileRef = AA6C7C881550AE5000600DAA /* crittercism-other.png */; };
		AA6C7CD41550AE5000600DAA /* crittercism-question.png in Resources */ = {isa = PBXBuildFile; fileRef = AA6C7C891550AE5000600DAA /* crittercism-question.png */; };
		AA6C7CD51550AE5000600DAA /* crittercism-tab-icon@1x~iphone.png in Resources */ = {isa = PBXBuildFile; fileRef = AA6C7C8A1550AE5000600DAA /* crittercism-tab-icon@1x~iphone.png */; };
		AA6C7CD61550AE5000600DAA /* crittercism-tab-icon@2x~ipad.png in Resources */ = {isa = PBXBuildFile; fileRef = AA6C7C8B1550AE5000600DAA /* crittercism-tab-icon@2x~ipad.png */; };
		AA6C7CD71550AE5000600DAA /* crittercism-title-bar.png in Resources */ = {isa = PBXBuildFile; fileRef = AA6C7C8C1550AE5000600DAA /* crittercism-title-bar.png */; };
		AA6C7CD81550AE5000600DAA /* crittercism-user-arrow-l.png in Resources */ = {isa = PBXBuildFile; fileRef = AA6C7C8D1550AE5000600DAA /* crittercism-user-arrow-l.png */; };
		AA6C7CD91550AE5000600DAA /* crittercism-user-arrow-l@2x.png in Resources */ = {isa = PBXBuildFile; fileRef = AA6C7C8E1550AE5000600DAA /* crittercism-user-arrow-l@2x.png */; };
		AA6C7CDA1550AE5000600DAA /* crittercism-user-profile-halfsize.png in Resources */ = {isa = PBXBuildFile; fileRef = AA6C7C8F1550AE5000600DAA /* crittercism-user-profile-halfsize.png */; };
		AA6C7CDB1550AE5000600DAA /* crittercism-user-profile.png in Resources */ = {isa = PBXBuildFile; fileRef = AA6C7C901550AE5000600DAA /* crittercism-user-profile.png */; };
		AA6C7CDC1550AE5000600DAA /* crittercism-user-profile@2x.png in Resources */ = {isa = PBXBuildFile; fileRef = AA6C7C911550AE5000600DAA /* crittercism-user-profile@2x.png */; };
		AA6C7CDD1550AE5000600DAA /* crittercism-votesLeftButton.png in Resources */ = {isa = PBXBuildFile; fileRef = AA6C7C921550AE5000600DAA /* crittercism-votesLeftButton.png */; };
		AA6C7CDE1550AE5000600DAA /* crittercism_icon.png in Resources */ = {isa = PBXBuildFile; fileRef = AA6C7C931550AE5000600DAA /* crittercism_icon.png */; };
		AA6C7CDF1550AE5000600DAA /* CrittercismAboutViewController.xib in Resources */ = {isa = PBXBuildFile; fileRef = AA6C7C951550AE5000600DAA /* CrittercismAboutViewController.xib */; };
		AA6C7CE01550AE5000600DAA /* CrittercismAddCommentViewController.xib in Resources */ = {isa = PBXBuildFile; fileRef = AA6C7C961550AE5000600DAA /* CrittercismAddCommentViewController.xib */; };
		AA6C7CE11550AE5000600DAA /* CrittercismAddViewController.xib in Resources */ = {isa = PBXBuildFile; fileRef = AA6C7C971550AE5000600DAA /* CrittercismAddViewController.xib */; };
		AA6C7CE21550AE5000600DAA /* CrittercismCell.xib in Resources */ = {isa = PBXBuildFile; fileRef = AA6C7C981550AE5000600DAA /* CrittercismCell.xib */; };
		AA6C7CE31550AE5000600DAA /* CrittercismDescriptionViewController.xib in Resources */ = {isa = PBXBuildFile; fileRef = AA6C7C991550AE5000600DAA /* CrittercismDescriptionViewController.xib */; };
		AA6C7CE41550AE5000600DAA /* CrittercismGridViewController.xib in Resources */ = {isa = PBXBuildFile; fileRef = AA6C7C9A1550AE5000600DAA /* CrittercismGridViewController.xib */; };
		AA6C7CE51550AE5000600DAA /* CrittercismRootViewController.xib in Resources */ = {isa = PBXBuildFile; fileRef = AA6C7C9B1550AE5000600DAA /* CrittercismRootViewController.xib */; };
		AA6C7CE61550AE5000600DAA /* CrittercismViewController.xib in Resources */ = {isa = PBXBuildFile; fileRef = AA6C7C9C1550AE5000600DAA /* CrittercismViewController.xib */; };
		AA6C7CEC1550B0AF00600DAA /* CFNetwork.framework in Frameworks */ = {isa = PBXBuildFile; fileRef = AA6C7CEB1550B0AF00600DAA /* CFNetwork.framework */; };
		AA6C7CEE1550B0B400600DAA /* libsqlite3.0.dylib in Frameworks */ = {isa = PBXBuildFile; fileRef = AA6C7CED1550B0B400600DAA /* libsqlite3.0.dylib */; };
		AAB64760154DE34500E1BCD5 /* CGImageInspection.m in Sources */ = {isa = PBXBuildFile; fileRef = AAB6475F154DE34500E1BCD5 /* CGImageInspection.m */; };
		AAB647A6154E202900E1BCD5 /* CDataScanner.m in Sources */ = {isa = PBXBuildFile; fileRef = AAB6478F154E202900E1BCD5 /* CDataScanner.m */; settings = {COMPILER_FLAGS = "-fno-objc-arc"; }; };
		AAB647A7154E202900E1BCD5 /* CFilteringJSONSerializer.m in Sources */ = {isa = PBXBuildFile; fileRef = AAB64792154E202900E1BCD5 /* CFilteringJSONSerializer.m */; settings = {COMPILER_FLAGS = "-fno-objc-arc"; }; };
		AAB647A8154E202900E1BCD5 /* CJSONDeserializer_BlocksExtensions.m in Sources */ = {isa = PBXBuildFile; fileRef = AAB64794154E202900E1BCD5 /* CJSONDeserializer_BlocksExtensions.m */; settings = {COMPILER_FLAGS = "-fno-objc-arc"; }; };
		AAB647A9154E202900E1BCD5 /* CJSONSerialization.m in Sources */ = {isa = PBXBuildFile; fileRef = AAB64796154E202900E1BCD5 /* CJSONSerialization.m */; settings = {COMPILER_FLAGS = "-fno-objc-arc"; }; };
		AAB647AA154E202900E1BCD5 /* CJSONSerializedData.m in Sources */ = {isa = PBXBuildFile; fileRef = AAB64798154E202900E1BCD5 /* CJSONSerializedData.m */; settings = {COMPILER_FLAGS = "-fno-objc-arc"; }; };
		AAB647AB154E202900E1BCD5 /* CDataScanner_Extensions.m in Sources */ = {isa = PBXBuildFile; fileRef = AAB6479B154E202900E1BCD5 /* CDataScanner_Extensions.m */; settings = {COMPILER_FLAGS = "-fno-objc-arc"; }; };
		AAB647AC154E202900E1BCD5 /* NSDictionary_JSONExtensions.m in Sources */ = {isa = PBXBuildFile; fileRef = AAB6479D154E202900E1BCD5 /* NSDictionary_JSONExtensions.m */; settings = {COMPILER_FLAGS = "-fno-objc-arc"; }; };
		AAB647AD154E202900E1BCD5 /* CJSONDeserializer.m in Sources */ = {isa = PBXBuildFile; fileRef = AAB647A0154E202900E1BCD5 /* CJSONDeserializer.m */; settings = {COMPILER_FLAGS = "-fno-objc-arc"; }; };
		AAB647AE154E202900E1BCD5 /* CJSONScanner.m in Sources */ = {isa = PBXBuildFile; fileRef = AAB647A2154E202900E1BCD5 /* CJSONScanner.m */; settings = {COMPILER_FLAGS = "-fno-objc-arc"; }; };
		AAB647AF154E202900E1BCD5 /* CJSONSerializer.m in Sources */ = {isa = PBXBuildFile; fileRef = AAB647A4154E202900E1BCD5 /* CJSONSerializer.m */; settings = {COMPILER_FLAGS = "-fno-objc-arc"; }; };
		AAB647B3154E2A6E00E1BCD5 /* Player.m in Sources */ = {isa = PBXBuildFile; fileRef = AAB647B2154E2A6E00E1BCD5 /* Player.m */; };
		AAB647B6154E2BEC00E1BCD5 /* HumanPlayer.m in Sources */ = {isa = PBXBuildFile; fileRef = AAB647B5154E2BEC00E1BCD5 /* HumanPlayer.m */; };
		AAB647BB154E39F600E1BCD5 /* GameWonScene.m in Sources */ = {isa = PBXBuildFile; fileRef = AAB647BA154E39F600E1BCD5 /* GameWonScene.m */; };
		AAFD01FB154A03A400C756FA /* Continent.m in Sources */ = {isa = PBXBuildFile; fileRef = AAFD01FA154A03A400C756FA /* Continent.m */; };
		DC485B1113AA0E5600F2BC70 /* libchipmunk-mac.a in Frameworks */ = {isa = PBXBuildFile; fileRef = DC485B0D13AA0E5600F2BC70 /* libchipmunk-mac.a */; };
		DC485B1713AA0EBB00F2BC70 /* libbox2d-mac.a in Frameworks */ = {isa = PBXBuildFile; fileRef = DC485B1613AA0EBB00F2BC70 /* libbox2d-mac.a */; };
		DC485B4613AA18A600F2BC70 /* libcocosdenshion-mac.a in Frameworks */ = {isa = PBXBuildFile; fileRef = DC485B4513AA18A600F2BC70 /* libcocosdenshion-mac.a */; };
		DC65615C13A969B600A7AC53 /* libbox2d-ios.a in Frameworks */ = {isa = PBXBuildFile; fileRef = DC65615013A969B600A7AC53 /* libbox2d-ios.a */; };
		DC65615D13A969B600A7AC53 /* libchipmunk-ios.a in Frameworks */ = {isa = PBXBuildFile; fileRef = DC65615113A969B600A7AC53 /* libchipmunk-ios.a */; };
		DC65615E13A969B600A7AC53 /* libchipmunk-spacemanager-ios.a in Frameworks */ = {isa = PBXBuildFile; fileRef = DC65615213A969B600A7AC53 /* libchipmunk-spacemanager-ios.a */; };
		DC65616013A969B600A7AC53 /* libcocos2d-extensions-ios.a in Frameworks */ = {isa = PBXBuildFile; fileRef = DC65615413A969B600A7AC53 /* libcocos2d-extensions-ios.a */; };
		DC65616113A969B600A7AC53 /* libcocos2d-ios.a in Frameworks */ = {isa = PBXBuildFile; fileRef = DC65615513A969B600A7AC53 /* libcocos2d-ios.a */; };
		DC65616213A969B600A7AC53 /* libcocos3d-ios.a in Frameworks */ = {isa = PBXBuildFile; fileRef = DC65615613A969B600A7AC53 /* libcocos3d-ios.a */; };
		DC65616313A969B600A7AC53 /* libcocosdenshion-ios.a in Frameworks */ = {isa = PBXBuildFile; fileRef = DC65615713A969B600A7AC53 /* libcocosdenshion-ios.a */; };
		DC65616413A969B600A7AC53 /* libkobold2d-ios.a in Frameworks */ = {isa = PBXBuildFile; fileRef = DC65615813A969B600A7AC53 /* libkobold2d-ios.a */; };
		DC65616513A969B600A7AC53 /* libobjectal-ios.a in Frameworks */ = {isa = PBXBuildFile; fileRef = DC65615913A969B600A7AC53 /* libobjectal-ios.a */; };
		DC65616613A969B600A7AC53 /* libsneakyinput-ios.a in Frameworks */ = {isa = PBXBuildFile; fileRef = DC65615A13A969B600A7AC53 /* libsneakyinput-ios.a */; };
		DC979E3E13B35F8800656CB9 /* libcocos2d-extensions-mac.a in Frameworks */ = {isa = PBXBuildFile; fileRef = DC979E3D13B35F8800656CB9 /* libcocos2d-extensions-mac.a */; };
		DC979E5A13B3607E00656CB9 /* libchipmunk-spacemanager-mac.a in Frameworks */ = {isa = PBXBuildFile; fileRef = DC979E5913B3607E00656CB9 /* libchipmunk-spacemanager-mac.a */; };
		DCC1A0FA13A94ED5005BD75D /* Default.png in Resources */ = {isa = PBXBuildFile; fileRef = DCC1A0F913A94ED5005BD75D /* Default.png */; };
		DCC1A0FC13A94ED5005BD75D /* fps_images.png in Resources */ = {isa = PBXBuildFile; fileRef = DCC1A0FB13A94ED5005BD75D /* fps_images.png */; };
		DCC1A0FE13A94ED5005BD75D /* Icon-72.png in Resources */ = {isa = PBXBuildFile; fileRef = DCC1A0FD13A94ED5005BD75D /* Icon-72.png */; };
		DCC1A10013A94ED5005BD75D /* Icon-Small-50.png in Resources */ = {isa = PBXBuildFile; fileRef = DCC1A0FF13A94ED5005BD75D /* Icon-Small-50.png */; };
		DCC1A10213A94ED5005BD75D /* Icon-Small.png in Resources */ = {isa = PBXBuildFile; fileRef = DCC1A10113A94ED5005BD75D /* Icon-Small.png */; };
		DCC1A10413A94ED5005BD75D /* Icon-Small@2x.png in Resources */ = {isa = PBXBuildFile; fileRef = DCC1A10313A94ED5005BD75D /* Icon-Small@2x.png */; };
		DCC1A10613A94ED5005BD75D /* Icon.png in Resources */ = {isa = PBXBuildFile; fileRef = DCC1A10513A94ED5005BD75D /* Icon.png */; };
		DCC1A10813A94ED5005BD75D /* Icon@2x.png in Resources */ = {isa = PBXBuildFile; fileRef = DCC1A10713A94ED5005BD75D /* Icon@2x.png */; };
		DCC1A10B13A94ED5005BD75D /* iTunesArtwork in Resources */ = {isa = PBXBuildFile; fileRef = DCC1A10A13A94ED5005BD75D /* iTunesArtwork */; };
		DCC1A26913A94EE6005BD75D /* InfoPlist.strings in Resources */ = {isa = PBXBuildFile; fileRef = DCC1A26713A94EE6005BD75D /* InfoPlist.strings */; };
		DCC1A26C13A94EE6005BD75D /* MainMenu.xib in Resources */ = {isa = PBXBuildFile; fileRef = DCC1A26A13A94EE6005BD75D /* MainMenu.xib */; };
		DCC1A26E13A94EE6005BD75D /* fps_images.png in Resources */ = {isa = PBXBuildFile; fileRef = DCC1A26D13A94EE6005BD75D /* fps_images.png */; };
		DCC1A27013A94EE6005BD75D /* icon.icns in Resources */ = {isa = PBXBuildFile; fileRef = DCC1A26F13A94EE6005BD75D /* icon.icns */; };
		DCC1A3A913A94F1A005BD75D /* AppDelegate.m in Sources */ = {isa = PBXBuildFile; fileRef = DCC1A38E13A94F1A005BD75D /* AppDelegate.m */; };
		DCC1A3AA13A94F1A005BD75D /* AppDelegate.m in Sources */ = {isa = PBXBuildFile; fileRef = DCC1A38E13A94F1A005BD75D /* AppDelegate.m */; };
		DCC1A3AD13A94F1A005BD75D /* main.m in Sources */ = {isa = PBXBuildFile; fileRef = DCC1A39113A94F1A005BD75D /* main.m */; };
		DCC1A3AE13A94F1A005BD75D /* main.m in Sources */ = {isa = PBXBuildFile; fileRef = DCC1A39113A94F1A005BD75D /* main.m */; };
		DCC1A3AF13A94F1A005BD75D /* config.lua in Resources */ = {isa = PBXBuildFile; fileRef = DCC1A39513A94F1A005BD75D /* config.lua */; };
		DCC1A3B013A94F1A005BD75D /* config.lua in Resources */ = {isa = PBXBuildFile; fileRef = DCC1A39513A94F1A005BD75D /* config.lua */; };
		DCF95CD213A97EC500AE3B80 /* libcocos2d-mac.a in Frameworks */ = {isa = PBXBuildFile; fileRef = DCF95CC913A97EC500AE3B80 /* libcocos2d-mac.a */; };
		DCF95CD413A97EC500AE3B80 /* libkobold2d-mac.a in Frameworks */ = {isa = PBXBuildFile; fileRef = DCF95CCB13A97EC500AE3B80 /* libkobold2d-mac.a */; };
/* End PBXBuildFile section */

/* Begin PBXFileReference section */
		63ACAB031545EEC6004E1FF6 /* GameModeSelectionScene.h */ = {isa = PBXFileReference; fileEncoding = 4; lastKnownFileType = sourcecode.c.h; path = GameModeSelectionScene.h; sourceTree = "<group>"; };
		63ACAB041545EEC6004E1FF6 /* GameModeSelectionScene.m */ = {isa = PBXFileReference; fileEncoding = 4; lastKnownFileType = sourcecode.c.objc; path = GameModeSelectionScene.m; sourceTree = "<group>"; };
		63ACAB0F1545F308004E1FF6 /* Buttons */ = {isa = PBXFileReference; lastKnownFileType = folder; path = Buttons; sourceTree = "<group>"; };
		63ACAB11154605BF004E1FF6 /* HUD */ = {isa = PBXFileReference; lastKnownFileType = folder; path = HUD; sourceTree = "<group>"; };
		63ACAB15154609BD004E1FF6 /* LayerBase.h */ = {isa = PBXFileReference; fileEncoding = 4; lastKnownFileType = sourcecode.c.h; path = LayerBase.h; sourceTree = "<group>"; };
		63ACAB16154609BD004E1FF6 /* LayerBase.m */ = {isa = PBXFileReference; fileEncoding = 4; lastKnownFileType = sourcecode.c.objc; path = LayerBase.m; sourceTree = "<group>"; };
		63ACAB1815460AD0004E1FF6 /* SinglePlayerScene.h */ = {isa = PBXFileReference; fileEncoding = 4; lastKnownFileType = sourcecode.c.h; path = SinglePlayerScene.h; sourceTree = "<group>"; };
		63ACAB1915460AD0004E1FF6 /* SinglePlayerScene.m */ = {isa = PBXFileReference; fileEncoding = 4; lastKnownFileType = sourcecode.c.objc; path = SinglePlayerScene.m; sourceTree = "<group>"; };
		63ACAB1B15470D69004E1FF6 /* Maps */ = {isa = PBXFileReference; lastKnownFileType = folder; path = Maps; sourceTree = "<group>"; };
		63ACAB1E1548BC35004E1FF6 /* Map.h */ = {isa = PBXFileReference; fileEncoding = 4; lastKnownFileType = sourcecode.c.h; path = Map.h; sourceTree = "<group>"; };
		63ACAB1F1548BC35004E1FF6 /* Map.m */ = {isa = PBXFileReference; fileEncoding = 4; lastKnownFileType = sourcecode.c.objc; path = Map.m; sourceTree = "<group>"; };
		63ACAB211548C359004E1FF6 /* Territory.h */ = {isa = PBXFileReference; fileEncoding = 4; lastKnownFileType = sourcecode.c.h; path = Territory.h; sourceTree = "<group>"; };
		63ACAB221548C359004E1FF6 /* Territory.m */ = {isa = PBXFileReference; fileEncoding = 4; lastKnownFileType = sourcecode.c.objc; path = Territory.m; sourceTree = "<group>"; };
		AA37CC3E154F281F00CE7835 /* NSMutableArray_Shuffling.h */ = {isa = PBXFileReference; fileEncoding = 4; lastKnownFileType = sourcecode.c.h; path = NSMutableArray_Shuffling.h; sourceTree = "<group>"; };
		AA37CC3F154F281F00CE7835 /* NSMutableArray_Shuffling.m */ = {isa = PBXFileReference; fileEncoding = 4; lastKnownFileType = sourcecode.c.objc; path = NSMutableArray_Shuffling.m; sourceTree = "<group>"; };
		AA3B0377154F37BF0000D6A7 /* UIColor_ColorFromUInt32.h */ = {isa = PBXFileReference; fileEncoding = 4; lastKnownFileType = sourcecode.c.h; path = UIColor_ColorFromUInt32.h; sourceTree = "<group>"; };
		AA3B0378154F37BF0000D6A7 /* UIColor_ColorFromUInt32.m */ = {isa = PBXFileReference; fileEncoding = 4; lastKnownFileType = sourcecode.c.objc; path = UIColor_ColorFromUInt32.m; sourceTree = "<group>"; };
		AA3B037B154F5C940000D6A7 /* ComputerPlayer.h */ = {isa = PBXFileReference; fileEncoding = 4; lastKnownFileType = sourcecode.c.h; path = ComputerPlayer.h; sourceTree = "<group>"; };
		AA3B037C154F5C940000D6A7 /* ComputerPlayer.m */ = {isa = PBXFileReference; fileEncoding = 4; lastKnownFileType = sourcecode.c.objc; path = ComputerPlayer.m; sourceTree = "<group>"; };
		AA3B037E154F5DA30000D6A7 /* GameLostScene.h */ = {isa = PBXFileReference; fileEncoding = 4; lastKnownFileType = sourcecode.c.h; path = GameLostScene.h; sourceTree = "<group>"; };
		AA3B037F154F5DA30000D6A7 /* GameLostScene.m */ = {isa = PBXFileReference; fileEncoding = 4; lastKnownFileType = sourcecode.c.objc; path = GameLostScene.m; sourceTree = "<group>"; };
		AA3B0381154F60020000D6A7 /* EasyComputerPlayer.h */ = {isa = PBXFileReference; fileEncoding = 4; lastKnownFileType = sourcecode.c.h; path = EasyComputerPlayer.h; sourceTree = "<group>"; };
		AA3B0382154F60020000D6A7 /* EasyComputerPlayer.m */ = {isa = PBXFileReference; fileEncoding = 4; lastKnownFileType = sourcecode.c.objc; path = EasyComputerPlayer.m; sourceTree = "<group>"; };
		AA6C7C2D1550AE4900600DAA /* GANTracker.h */ = {isa = PBXFileReference; fileEncoding = 4; lastKnownFileType = sourcecode.c.h; path = GANTracker.h; sourceTree = "<group>"; };
		AA6C7C2E1550AE4900600DAA /* libGoogleAnalytics.a */ = {isa = PBXFileReference; lastKnownFileType = archive.ar; path = libGoogleAnalytics.a; sourceTree = "<group>"; };
		AA6C7C331550AE5000600DAA /* CrashReporter.h */ = {isa = PBXFileReference; fileEncoding = 4; lastKnownFileType = sourcecode.c.h; path = CrashReporter.h; sourceTree = "<group>"; };
		AA6C7C341550AE5000600DAA /* Crittercism.h */ = {isa = PBXFileReference; fileEncoding = 4; lastKnownFileType = sourcecode.c.h; path = Crittercism.h; sourceTree = "<group>"; };
		AA6C7C351550AE5000600DAA /* CrittercismJSONKit.h */ = {isa = PBXFileReference; fileEncoding = 4; lastKnownFileType = sourcecode.c.h; path = CrittercismJSONKit.h; sourceTree = "<group>"; };
		AA6C7C361550AE5000600DAA /* CrittercismReachability.h */ = {isa = PBXFileReference; fileEncoding = 4; lastKnownFileType = sourcecode.c.h; path = CrittercismReachability.h; sourceTree = "<group>"; };
		AA6C7C371550AE5000600DAA /* libCrittercism_v3_1_5.a */ = {isa = PBXFileReference; lastKnownFileType = archive.ar; path = libCrittercism_v3_1_5.a; sourceTree = "<group>"; };
		AA6C7C381550AE5000600DAA /* PLCrashAsync.h */ = {isa = PBXFileReference; fileEncoding = 4; lastKnownFileType = sourcecode.c.h; path = PLCrashAsync.h; sourceTree = "<group>"; };
		AA6C7C391550AE5000600DAA /* PLCrashAsyncImage.h */ = {isa = PBXFileReference; fileEncoding = 4; lastKnownFileType = sourcecode.c.h; path = PLCrashAsyncImage.h; sourceTree = "<group>"; };
		AA6C7C3A1550AE5000600DAA /* PLCrashAsyncSignalInfo.h */ = {isa = PBXFileReference; fileEncoding = 4; lastKnownFileType = sourcecode.c.h; path = PLCrashAsyncSignalInfo.h; sourceTree = "<group>"; };
		AA6C7C3B1550AE5000600DAA /* PLCrashFrameWalker.h */ = {isa = PBXFileReference; fileEncoding = 4; lastKnownFileType = sourcecode.c.h; path = PLCrashFrameWalker.h; sourceTree = "<group>"; };
		AA6C7C3C1550AE5000600DAA /* PLCrashFrameWalker_arm.h */ = {isa = PBXFileReference; fileEncoding = 4; lastKnownFileType = sourcecode.c.h; path = PLCrashFrameWalker_arm.h; sourceTree = "<group>"; };
		AA6C7C3D1550AE5000600DAA /* PLCrashFrameWalker_i386.h */ = {isa = PBXFileReference; fileEncoding = 4; lastKnownFileType = sourcecode.c.h; path = PLCrashFrameWalker_i386.h; sourceTree = "<group>"; };
		AA6C7C3E1550AE5000600DAA /* PLCrashFrameWalker_ppc.h */ = {isa = PBXFileReference; fileEncoding = 4; lastKnownFileType = sourcecode.c.h; path = PLCrashFrameWalker_ppc.h; sourceTree = "<group>"; };
		AA6C7C3F1550AE5000600DAA /* PLCrashFrameWalker_x86_64.h */ = {isa = PBXFileReference; fileEncoding = 4; lastKnownFileType = sourcecode.c.h; path = PLCrashFrameWalker_x86_64.h; sourceTree = "<group>"; };
		AA6C7C401550AE5000600DAA /* PLCrashLogWriter.h */ = {isa = PBXFileReference; fileEncoding = 4; lastKnownFileType = sourcecode.c.h; path = PLCrashLogWriter.h; sourceTree = "<group>"; };
		AA6C7C411550AE5000600DAA /* PLCrashLogWriterEncoding.h */ = {isa = PBXFileReference; fileEncoding = 4; lastKnownFileType = sourcecode.c.h; path = PLCrashLogWriterEncoding.h; sourceTree = "<group>"; };
		AA6C7C421550AE5000600DAA /* PLCrashReport.h */ = {isa = PBXFileReference; fileEncoding = 4; lastKnownFileType = sourcecode.c.h; path = PLCrashReport.h; sourceTree = "<group>"; };
		AA6C7C431550AE5000600DAA /* PLCrashReportApplicationInfo.h */ = {isa = PBXFileReference; fileEncoding = 4; lastKnownFileType = sourcecode.c.h; path = PLCrashReportApplicationInfo.h; sourceTree = "<group>"; };
		AA6C7C441550AE5000600DAA /* PLCrashReportBinaryImageInfo.h */ = {isa = PBXFileReference; fileEncoding = 4; lastKnownFileType = sourcecode.c.h; path = PLCrashReportBinaryImageInfo.h; sourceTree = "<group>"; };
		AA6C7C451550AE5000600DAA /* PLCrashReporter.h */ = {isa = PBXFileReference; fileEncoding = 4; lastKnownFileType = sourcecode.c.h; path = PLCrashReporter.h; sourceTree = "<group>"; };
		AA6C7C461550AE5000600DAA /* PLCrashReportExceptionInfo.h */ = {isa = PBXFileReference; fileEncoding = 4; lastKnownFileType = sourcecode.c.h; path = PLCrashReportExceptionInfo.h; sourceTree = "<group>"; };
		AA6C7C471550AE5000600DAA /* PLCrashReportFormatter.h */ = {isa = PBXFileReference; fileEncoding = 4; lastKnownFileType = sourcecode.c.h; path = PLCrashReportFormatter.h; sourceTree = "<group>"; };
		AA6C7C481550AE5000600DAA /* PLCrashReportMachineInfo.h */ = {isa = PBXFileReference; fileEncoding = 4; lastKnownFileType = sourcecode.c.h; path = PLCrashReportMachineInfo.h; sourceTree = "<group>"; };
		AA6C7C491550AE5000600DAA /* PLCrashReportProcessInfo.h */ = {isa = PBXFileReference; fileEncoding = 4; lastKnownFileType = sourcecode.c.h; path = PLCrashReportProcessInfo.h; sourceTree = "<group>"; };
		AA6C7C4A1550AE5000600DAA /* PLCrashReportProcessorInfo.h */ = {isa = PBXFileReference; fileEncoding = 4; lastKnownFileType = sourcecode.c.h; path = PLCrashReportProcessorInfo.h; sourceTree = "<group>"; };
		AA6C7C4B1550AE5000600DAA /* PLCrashReportSignalInfo.h */ = {isa = PBXFileReference; fileEncoding = 4; lastKnownFileType = sourcecode.c.h; path = PLCrashReportSignalInfo.h; sourceTree = "<group>"; };
		AA6C7C4C1550AE5000600DAA /* PLCrashReportSystemInfo.h */ = {isa = PBXFileReference; fileEncoding = 4; lastKnownFileType = sourcecode.c.h; path = PLCrashReportSystemInfo.h; sourceTree = "<group>"; };
		AA6C7C4D1550AE5000600DAA /* PLCrashReportTextFormatter.h */ = {isa = PBXFileReference; fileEncoding = 4; lastKnownFileType = sourcecode.c.h; path = PLCrashReportTextFormatter.h; sourceTree = "<group>"; };
		AA6C7C4E1550AE5000600DAA /* PLCrashReportThreadInfo.h */ = {isa = PBXFileReference; fileEncoding = 4; lastKnownFileType = sourcecode.c.h; path = PLCrashReportThreadInfo.h; sourceTree = "<group>"; };
		AA6C7C4F1550AE5000600DAA /* PLCrashSignalHandler.h */ = {isa = PBXFileReference; fileEncoding = 4; lastKnownFileType = sourcecode.c.h; path = PLCrashSignalHandler.h; sourceTree = "<group>"; };
		AA6C7C501550AE5000600DAA /* PLCrashSysctl.h */ = {isa = PBXFileReference; fileEncoding = 4; lastKnownFileType = sourcecode.c.h; path = PLCrashSysctl.h; sourceTree = "<group>"; };
		AA6C7C531550AE5000600DAA /* crittercism-arrow-l.png */ = {isa = PBXFileReference; lastKnownFileType = image.png; path = "crittercism-arrow-l.png"; sourceTree = "<group>"; };
		AA6C7C541550AE5000600DAA /* crittercism-arrow-l@2x.png */ = {isa = PBXFileReference; lastKnownFileType = image.png; path = "crittercism-arrow-l@2x.png"; sourceTree = "<group>"; };
		AA6C7C551550AE5000600DAA /* crittercism-arrow-left-gray-border.png */ = {isa = PBXFileReference; lastKnownFileType = image.png; path = "crittercism-arrow-left-gray-border.png"; sourceTree = "<group>"; };
		AA6C7C561550AE5000600DAA /* crittercism-arrow-left-no-border.png */ = {isa = PBXFileReference; lastKnownFileType = image.png; path = "crittercism-arrow-left-no-border.png"; sourceTree = "<group>"; };
		AA6C7C571550AE5000600DAA /* crittercism-arrow-left.png */ = {isa = PBXFileReference; lastKnownFileType = image.png; path = "crittercism-arrow-left.png"; sourceTree = "<group>"; };
		AA6C7C581550AE5000600DAA /* crittercism-arrow-let-no-border.png */ = {isa = PBXFileReference; lastKnownFileType = image.png; path = "crittercism-arrow-let-no-border.png"; sourceTree = "<group>"; };
		AA6C7C591550AE5000600DAA /* crittercism-arrow-r.png */ = {isa = PBXFileReference; lastKnownFileType = image.png; path = "crittercism-arrow-r.png"; sourceTree = "<group>"; };
		AA6C7C5A1550AE5000600DAA /* crittercism-arrow-r@2x.png */ = {isa = PBXFileReference; lastKnownFileType = image.png; path = "crittercism-arrow-r@2x.png"; sourceTree = "<group>"; };
		AA6C7C5B1550AE5000600DAA /* crittercism-arrow-right-green-border.png */ = {isa = PBXFileReference; lastKnownFileType = image.png; path = "crittercism-arrow-right-green-border.png"; sourceTree = "<group>"; };
		AA6C7C5C1550AE5000600DAA /* crittercism-arrow-right-no-border.png */ = {isa = PBXFileReference; lastKnownFileType = image.png; path = "crittercism-arrow-right-no-border.png"; sourceTree = "<group>"; };
		AA6C7C5D1550AE5000600DAA /* crittercism-avatar-default.png */ = {isa = PBXFileReference; lastKnownFileType = image.png; path = "crittercism-avatar-default.png"; sourceTree = "<group>"; };
		AA6C7C5E1550AE5000600DAA /* crittercism-avatar-us.png */ = {isa = PBXFileReference; lastKnownFileType = image.png; path = "crittercism-avatar-us.png"; sourceTree = "<group>"; };
		AA6C7C5F1550AE5000600DAA /* crittercism-bg-00.png */ = {isa = PBXFileReference; lastKnownFileType = image.png; path = "crittercism-bg-00.png"; sourceTree = "<group>"; };
		AA6C7C601550AE5000600DAA /* crittercism-bg-categorize-as.png */ = {isa = PBXFileReference; lastKnownFileType = image.png; path = "crittercism-bg-categorize-as.png"; sourceTree = "<group>"; };
		AA6C7C611550AE5000600DAA /* crittercism-bg-edit-form.png */ = {isa = PBXFileReference; lastKnownFileType = image.png; path = "crittercism-bg-edit-form.png"; sourceTree = "<group>"; };
		AA6C7C621550AE5000600DAA /* crittercism-bg-edit-form@2x~iphone.png */ = {isa = PBXFileReference; lastKnownFileType = image.png; path = "crittercism-bg-edit-form@2x~iphone.png"; sourceTree = "<group>"; };
		AA6C7C631550AE5000600DAA /* crittercism-bg-inactive-overlay.png */ = {isa = PBXFileReference; lastKnownFileType = image.png; path = "crittercism-bg-inactive-overlay.png"; sourceTree = "<group>"; };
		AA6C7C641550AE5000600DAA /* crittercism-bg-reply-to.png */ = {isa = PBXFileReference; lastKnownFileType = image.png; path = "crittercism-bg-reply-to.png"; sourceTree = "<group>"; };
		AA6C7C651550AE5000600DAA /* crittercism-btn-add-comment-sel.png */ = {isa = PBXFileReference; lastKnownFileType = image.png; path = "crittercism-btn-add-comment-sel.png"; sourceTree = "<group>"; };
		AA6C7C661550AE5000600DAA /* crittercism-btn-add-comment.png */ = {isa = PBXFileReference; lastKnownFileType = image.png; path = "crittercism-btn-add-comment.png"; sourceTree = "<group>"; };
		AA6C7C671550AE5000600DAA /* crittercism-btn-cancel.png */ = {isa = PBXFileReference; lastKnownFileType = image.png; path = "crittercism-btn-cancel.png"; sourceTree = "<group>"; };
		AA6C7C681550AE5000600DAA /* crittercism-btn-close.png */ = {isa = PBXFileReference; lastKnownFileType = image.png; path = "crittercism-btn-close.png"; sourceTree = "<group>"; };
		AA6C7C691550AE5000600DAA /* crittercism-btn-submit.png */ = {isa = PBXFileReference; lastKnownFileType = image.png; path = "crittercism-btn-submit.png"; sourceTree = "<group>"; };
		AA6C7C6A1550AE5000600DAA /* crittercism-btn-thumbs-dn-default.png */ = {isa = PBXFileReference; lastKnownFileType = image.png; path = "crittercism-btn-thumbs-dn-default.png"; sourceTree = "<group>"; };
		AA6C7C6B1550AE5000600DAA /* crittercism-btn-thumbs-dn-voted.png */ = {isa = PBXFileReference; lastKnownFileType = image.png; path = "crittercism-btn-thumbs-dn-voted.png"; sourceTree = "<group>"; };
		AA6C7C6C1550AE5000600DAA /* crittercism-btn-thumbs-up-default.png */ = {isa = PBXFileReference; lastKnownFileType = image.png; path = "crittercism-btn-thumbs-up-default.png"; sourceTree = "<group>"; };
		AA6C7C6D1550AE5000600DAA /* crittercism-btn-thumbs-up-pressed.png */ = {isa = PBXFileReference; lastKnownFileType = image.png; path = "crittercism-btn-thumbs-up-pressed.png"; sourceTree = "<group>"; };
		AA6C7C6E1550AE5000600DAA /* crittercism-btn-thumbs-up-pressed@2x.png */ = {isa = PBXFileReference; lastKnownFileType = image.png; path = "crittercism-btn-thumbs-up-pressed@2x.png"; sourceTree = "<group>"; };
		AA6C7C6F1550AE5000600DAA /* crittercism-btn-thumbs-up-voted.png */ = {isa = PBXFileReference; lastKnownFileType = image.png; path = "crittercism-btn-thumbs-up-voted.png"; sourceTree = "<group>"; };
		AA6C7C701550AE5000600DAA /* crittercism-btn-thumbs-up.png */ = {isa = PBXFileReference; lastKnownFileType = image.png; path = "crittercism-btn-thumbs-up.png"; sourceTree = "<group>"; };
		AA6C7C711550AE5000600DAA /* crittercism-btn-thumbs-up@2x.png */ = {isa = PBXFileReference; lastKnownFileType = image.png; path = "crittercism-btn-thumbs-up@2x.png"; sourceTree = "<group>"; };
		AA6C7C721550AE5000600DAA /* crittercism-bug.png */ = {isa = PBXFileReference; lastKnownFileType = image.png; path = "crittercism-bug.png"; sourceTree = "<group>"; };
		AA6C7C731550AE5000600DAA /* crittercism-checkbox-checked.png */ = {isa = PBXFileReference; lastKnownFileType = image.png; path = "crittercism-checkbox-checked.png"; sourceTree = "<group>"; };
		AA6C7C741550AE5000600DAA /* crittercism-checkbox-unchecked.png */ = {isa = PBXFileReference; lastKnownFileType = image.png; path = "crittercism-checkbox-unchecked.png"; sourceTree = "<group>"; };
		AA6C7C751550AE5000600DAA /* crittercism-dev-profile-halfsize.png */ = {isa = PBXFileReference; lastKnownFileType = image.png; path = "crittercism-dev-profile-halfsize.png"; sourceTree = "<group>"; };
		AA6C7C761550AE5000600DAA /* crittercism-dev-profile-halfsize@2x.png */ = {isa = PBXFileReference; lastKnownFileType = image.png; path = "crittercism-dev-profile-halfsize@2x.png"; sourceTree = "<group>"; };
		AA6C7C771550AE5000600DAA /* crittercism-feedback-forum-bg-gradient.png */ = {isa = PBXFileReference; lastKnownFileType = image.png; path = "crittercism-feedback-forum-bg-gradient.png"; sourceTree = "<group>"; };
		AA6C7C781550AE5000600DAA /* crittercism-gray.png */ = {isa = PBXFileReference; lastKnownFileType = image.png; path = "crittercism-gray.png"; sourceTree = "<group>"; };
		AA6C7C791550AE5000600DAA /* crittercism-green.png */ = {isa = PBXFileReference; lastKnownFileType = image.png; path = "crittercism-green.png"; sourceTree = "<group>"; };
		AA6C7C7A1550AE5000600DAA /* crittercism-hamster-ftw.png */ = {isa = PBXFileReference; lastKnownFileType = image.png; path = "crittercism-hamster-ftw.png"; sourceTree = "<group>"; };
		AA6C7C7B1550AE5000600DAA /* crittercism-hamster-twitter.png */ = {isa = PBXFileReference; lastKnownFileType = image.png; path = "crittercism-hamster-twitter.png"; sourceTree = "<group>"; };
		AA6C7C7C1550AE5000600DAA /* crittercism-hamster.png */ = {isa = PBXFileReference; lastKnownFileType = image.png; path = "crittercism-hamster.png"; sourceTree = "<group>"; };
		AA6C7C7D1550AE5000600DAA /* crittercism-icon-cat-idea.png */ = {isa = PBXFileReference; lastKnownFileType = image.png; path = "crittercism-icon-cat-idea.png"; sourceTree = "<group>"; };
		AA6C7C7E1550AE5000600DAA /* crittercism-icon-cat-idea@2x.png */ = {isa = PBXFileReference; lastKnownFileType = image.png; path = "crittercism-icon-cat-idea@2x.png"; sourceTree = "<group>"; };
		AA6C7C7F1550AE5000600DAA /* crittercism-icon-cat-love.png */ = {isa = PBXFileReference; lastKnownFileType = image.png; path = "crittercism-icon-cat-love.png"; sourceTree = "<group>"; };
		AA6C7C801550AE5000600DAA /* crittercism-icon-cat-love@2x.png */ = {isa = PBXFileReference; lastKnownFileType = image.png; path = "crittercism-icon-cat-love@2x.png"; sourceTree = "<group>"; };
		AA6C7C811550AE5000600DAA /* crittercism-icon-cat-problem.png */ = {isa = PBXFileReference; lastKnownFileType = image.png; path = "crittercism-icon-cat-problem.png"; sourceTree = "<group>"; };
		AA6C7C821550AE5000600DAA /* crittercism-icon-cat-problem@2x.png */ = {isa = PBXFileReference; lastKnownFileType = image.png; path = "crittercism-icon-cat-problem@2x.png"; sourceTree = "<group>"; };
		AA6C7C831550AE5000600DAA /* crittercism-icon-cat-question.png */ = {isa = PBXFileReference; lastKnownFileType = image.png; path = "crittercism-icon-cat-question.png"; sourceTree = "<group>"; };
		AA6C7C841550AE5000600DAA /* crittercism-icon-cat-question@2x.png */ = {isa = PBXFileReference; lastKnownFileType = image.png; path = "crittercism-icon-cat-question@2x.png"; sourceTree = "<group>"; };
		AA6C7C851550AE5000600DAA /* crittercism-icon-tab-01.png */ = {isa = PBXFileReference; lastKnownFileType = image.png; path = "crittercism-icon-tab-01.png"; sourceTree = "<group>"; };
		AA6C7C861550AE5000600DAA /* crittercism-idea.png */ = {isa = PBXFileReference; lastKnownFileType = image.png; path = "crittercism-idea.png"; sourceTree = "<group>"; };
		AA6C7C871550AE5000600DAA /* crittercism-love.png */ = {isa = PBXFileReference; lastKnownFileType = image.png; path = "crittercism-love.png"; sourceTree = "<group>"; };
		AA6C7C881550AE5000600DAA /* crittercism-other.png */ = {isa = PBXFileReference; lastKnownFileType = image.png; path = "crittercism-other.png"; sourceTree = "<group>"; };
		AA6C7C891550AE5000600DAA /* crittercism-question.png */ = {isa = PBXFileReference; lastKnownFileType = image.png; path = "crittercism-question.png"; sourceTree = "<group>"; };
		AA6C7C8A1550AE5000600DAA /* crittercism-tab-icon@1x~iphone.png */ = {isa = PBXFileReference; lastKnownFileType = image.png; path = "crittercism-tab-icon@1x~iphone.png"; sourceTree = "<group>"; };
		AA6C7C8B1550AE5000600DAA /* crittercism-tab-icon@2x~ipad.png */ = {isa = PBXFileReference; lastKnownFileType = image.png; path = "crittercism-tab-icon@2x~ipad.png"; sourceTree = "<group>"; };
		AA6C7C8C1550AE5000600DAA /* crittercism-title-bar.png */ = {isa = PBXFileReference; lastKnownFileType = image.png; path = "crittercism-title-bar.png"; sourceTree = "<group>"; };
		AA6C7C8D1550AE5000600DAA /* crittercism-user-arrow-l.png */ = {isa = PBXFileReference; lastKnownFileType = image.png; path = "crittercism-user-arrow-l.png"; sourceTree = "<group>"; };
		AA6C7C8E1550AE5000600DAA /* crittercism-user-arrow-l@2x.png */ = {isa = PBXFileReference; lastKnownFileType = image.png; path = "crittercism-user-arrow-l@2x.png"; sourceTree = "<group>"; };
		AA6C7C8F1550AE5000600DAA /* crittercism-user-profile-halfsize.png */ = {isa = PBXFileReference; lastKnownFileType = image.png; path = "crittercism-user-profile-halfsize.png"; sourceTree = "<group>"; };
		AA6C7C901550AE5000600DAA /* crittercism-user-profile.png */ = {isa = PBXFileReference; lastKnownFileType = image.png; path = "crittercism-user-profile.png"; sourceTree = "<group>"; };
		AA6C7C911550AE5000600DAA /* crittercism-user-profile@2x.png */ = {isa = PBXFileReference; lastKnownFileType = image.png; path = "crittercism-user-profile@2x.png"; sourceTree = "<group>"; };
		AA6C7C921550AE5000600DAA /* crittercism-votesLeftButton.png */ = {isa = PBXFileReference; lastKnownFileType = image.png; path = "crittercism-votesLeftButton.png"; sourceTree = "<group>"; };
		AA6C7C931550AE5000600DAA /* crittercism_icon.png */ = {isa = PBXFileReference; lastKnownFileType = image.png; path = crittercism_icon.png; sourceTree = "<group>"; };
		AA6C7C951550AE5000600DAA /* CrittercismAboutViewController.xib */ = {isa = PBXFileReference; fileEncoding = 4; lastKnownFileType = file.xib; path = CrittercismAboutViewController.xib; sourceTree = "<group>"; };
		AA6C7C961550AE5000600DAA /* CrittercismAddCommentViewController.xib */ = {isa = PBXFileReference; fileEncoding = 4; lastKnownFileType = file.xib; path = CrittercismAddCommentViewController.xib; sourceTree = "<group>"; };
		AA6C7C971550AE5000600DAA /* CrittercismAddViewController.xib */ = {isa = PBXFileReference; fileEncoding = 4; lastKnownFileType = file.xib; path = CrittercismAddViewController.xib; sourceTree = "<group>"; };
		AA6C7C981550AE5000600DAA /* CrittercismCell.xib */ = {isa = PBXFileReference; fileEncoding = 4; lastKnownFileType = file.xib; path = CrittercismCell.xib; sourceTree = "<group>"; };
		AA6C7C991550AE5000600DAA /* CrittercismDescriptionViewController.xib */ = {isa = PBXFileReference; fileEncoding = 4; lastKnownFileType = file.xib; path = CrittercismDescriptionViewController.xib; sourceTree = "<group>"; };
		AA6C7C9A1550AE5000600DAA /* CrittercismGridViewController.xib */ = {isa = PBXFileReference; fileEncoding = 4; lastKnownFileType = file.xib; path = CrittercismGridViewController.xib; sourceTree = "<group>"; };
		AA6C7C9B1550AE5000600DAA /* CrittercismRootViewController.xib */ = {isa = PBXFileReference; fileEncoding = 4; lastKnownFileType = file.xib; path = CrittercismRootViewController.xib; sourceTree = "<group>"; };
		AA6C7C9C1550AE5000600DAA /* CrittercismViewController.xib */ = {isa = PBXFileReference; fileEncoding = 4; lastKnownFileType = file.xib; path = CrittercismViewController.xib; sourceTree = "<group>"; };
		AA6C7CEB1550B0AF00600DAA /* CFNetwork.framework */ = {isa = PBXFileReference; lastKnownFileType = wrapper.framework; name = CFNetwork.framework; path = Platforms/iPhoneOS.platform/Developer/SDKs/iPhoneOS5.1.sdk/System/Library/Frameworks/CFNetwork.framework; sourceTree = DEVELOPER_DIR; };
		AA6C7CED1550B0B400600DAA /* libsqlite3.0.dylib */ = {isa = PBXFileReference; lastKnownFileType = "compiled.mach-o.dylib"; name = libsqlite3.0.dylib; path = Platforms/iPhoneOS.platform/Developer/SDKs/iPhoneOS5.1.sdk/usr/lib/libsqlite3.0.dylib; sourceTree = DEVELOPER_DIR; };
		AA6C7CF01550B45300600DAA /* GAWrapper.h */ = {isa = PBXFileReference; fileEncoding = 4; lastKnownFileType = sourcecode.c.h; name = GAWrapper.h; path = "Projectfiles/lib/Google Analytics SDK/GAWrapper.h"; sourceTree = SOURCE_ROOT; };
		AAB6475C154C81C800E1BCD5 /* Constants.h */ = {isa = PBXFileReference; lastKnownFileType = sourcecode.c.h; path = Constants.h; sourceTree = "<group>"; };
		AAB6475E154DE34500E1BCD5 /* CGImageInspection.h */ = {isa = PBXFileReference; fileEncoding = 4; lastKnownFileType = sourcecode.c.h; path = CGImageInspection.h; sourceTree = "<group>"; };
		AAB6475F154DE34500E1BCD5 /* CGImageInspection.m */ = {isa = PBXFileReference; fileEncoding = 4; lastKnownFileType = sourcecode.c.objc; path = CGImageInspection.m; sourceTree = "<group>"; };
		AAB6478E154E202900E1BCD5 /* CDataScanner.h */ = {isa = PBXFileReference; fileEncoding = 4; lastKnownFileType = sourcecode.c.h; path = CDataScanner.h; sourceTree = "<group>"; };
		AAB6478F154E202900E1BCD5 /* CDataScanner.m */ = {isa = PBXFileReference; fileEncoding = 4; lastKnownFileType = sourcecode.c.objc; path = CDataScanner.m; sourceTree = "<group>"; };
		AAB64791154E202900E1BCD5 /* CFilteringJSONSerializer.h */ = {isa = PBXFileReference; fileEncoding = 4; lastKnownFileType = sourcecode.c.h; path = CFilteringJSONSerializer.h; sourceTree = "<group>"; };
		AAB64792154E202900E1BCD5 /* CFilteringJSONSerializer.m */ = {isa = PBXFileReference; fileEncoding = 4; lastKnownFileType = sourcecode.c.objc; path = CFilteringJSONSerializer.m; sourceTree = "<group>"; };
		AAB64793154E202900E1BCD5 /* CJSONDeserializer_BlocksExtensions.h */ = {isa = PBXFileReference; fileEncoding = 4; lastKnownFileType = sourcecode.c.h; path = CJSONDeserializer_BlocksExtensions.h; sourceTree = "<group>"; };
		AAB64794154E202900E1BCD5 /* CJSONDeserializer_BlocksExtensions.m */ = {isa = PBXFileReference; fileEncoding = 4; lastKnownFileType = sourcecode.c.objc; path = CJSONDeserializer_BlocksExtensions.m; sourceTree = "<group>"; };
		AAB64795154E202900E1BCD5 /* CJSONSerialization.h */ = {isa = PBXFileReference; fileEncoding = 4; lastKnownFileType = sourcecode.c.h; path = CJSONSerialization.h; sourceTree = "<group>"; };
		AAB64796154E202900E1BCD5 /* CJSONSerialization.m */ = {isa = PBXFileReference; fileEncoding = 4; lastKnownFileType = sourcecode.c.objc; path = CJSONSerialization.m; sourceTree = "<group>"; };
		AAB64797154E202900E1BCD5 /* CJSONSerializedData.h */ = {isa = PBXFileReference; fileEncoding = 4; lastKnownFileType = sourcecode.c.h; path = CJSONSerializedData.h; sourceTree = "<group>"; };
		AAB64798154E202900E1BCD5 /* CJSONSerializedData.m */ = {isa = PBXFileReference; fileEncoding = 4; lastKnownFileType = sourcecode.c.objc; path = CJSONSerializedData.m; sourceTree = "<group>"; };
		AAB6479A154E202900E1BCD5 /* CDataScanner_Extensions.h */ = {isa = PBXFileReference; fileEncoding = 4; lastKnownFileType = sourcecode.c.h; path = CDataScanner_Extensions.h; sourceTree = "<group>"; };
		AAB6479B154E202900E1BCD5 /* CDataScanner_Extensions.m */ = {isa = PBXFileReference; fileEncoding = 4; lastKnownFileType = sourcecode.c.objc; path = CDataScanner_Extensions.m; sourceTree = "<group>"; };
		AAB6479C154E202900E1BCD5 /* NSDictionary_JSONExtensions.h */ = {isa = PBXFileReference; fileEncoding = 4; lastKnownFileType = sourcecode.c.h; path = NSDictionary_JSONExtensions.h; sourceTree = "<group>"; };
		AAB6479D154E202900E1BCD5 /* NSDictionary_JSONExtensions.m */ = {isa = PBXFileReference; fileEncoding = 4; lastKnownFileType = sourcecode.c.objc; path = NSDictionary_JSONExtensions.m; sourceTree = "<group>"; };
		AAB6479F154E202900E1BCD5 /* CJSONDeserializer.h */ = {isa = PBXFileReference; fileEncoding = 4; lastKnownFileType = sourcecode.c.h; path = CJSONDeserializer.h; sourceTree = "<group>"; };
		AAB647A0154E202900E1BCD5 /* CJSONDeserializer.m */ = {isa = PBXFileReference; fileEncoding = 4; lastKnownFileType = sourcecode.c.objc; path = CJSONDeserializer.m; sourceTree = "<group>"; };
		AAB647A1154E202900E1BCD5 /* CJSONScanner.h */ = {isa = PBXFileReference; fileEncoding = 4; lastKnownFileType = sourcecode.c.h; path = CJSONScanner.h; sourceTree = "<group>"; };
		AAB647A2154E202900E1BCD5 /* CJSONScanner.m */ = {isa = PBXFileReference; fileEncoding = 4; lastKnownFileType = sourcecode.c.objc; path = CJSONScanner.m; sourceTree = "<group>"; };
		AAB647A3154E202900E1BCD5 /* CJSONSerializer.h */ = {isa = PBXFileReference; fileEncoding = 4; lastKnownFileType = sourcecode.c.h; path = CJSONSerializer.h; sourceTree = "<group>"; };
		AAB647A4154E202900E1BCD5 /* CJSONSerializer.m */ = {isa = PBXFileReference; fileEncoding = 4; lastKnownFileType = sourcecode.c.objc; path = CJSONSerializer.m; sourceTree = "<group>"; };
		AAB647A5154E202900E1BCD5 /* JSONRepresentation.h */ = {isa = PBXFileReference; fileEncoding = 4; lastKnownFileType = sourcecode.c.h; path = JSONRepresentation.h; sourceTree = "<group>"; };
		AAB647B1154E2A6E00E1BCD5 /* Player.h */ = {isa = PBXFileReference; fileEncoding = 4; lastKnownFileType = sourcecode.c.h; path = Player.h; sourceTree = "<group>"; };
		AAB647B2154E2A6E00E1BCD5 /* Player.m */ = {isa = PBXFileReference; fileEncoding = 4; lastKnownFileType = sourcecode.c.objc; path = Player.m; sourceTree = "<group>"; };
		AAB647B4154E2BEC00E1BCD5 /* HumanPlayer.h */ = {isa = PBXFileReference; fileEncoding = 4; lastKnownFileType = sourcecode.c.h; path = HumanPlayer.h; sourceTree = "<group>"; };
		AAB647B5154E2BEC00E1BCD5 /* HumanPlayer.m */ = {isa = PBXFileReference; fileEncoding = 4; lastKnownFileType = sourcecode.c.objc; path = HumanPlayer.m; sourceTree = "<group>"; };
		AAB647B7154E306000E1BCD5 /* PlayerProtocol.h */ = {isa = PBXFileReference; fileEncoding = 4; lastKnownFileType = sourcecode.c.h; path = PlayerProtocol.h; sourceTree = "<group>"; };
		AAB647B9154E39F600E1BCD5 /* GameWonScene.h */ = {isa = PBXFileReference; fileEncoding = 4; lastKnownFileType = sourcecode.c.h; path = GameWonScene.h; sourceTree = "<group>"; };
		AAB647BA154E39F600E1BCD5 /* GameWonScene.m */ = {isa = PBXFileReference; fileEncoding = 4; lastKnownFileType = sourcecode.c.objc; path = GameWonScene.m; sourceTree = "<group>"; };
		AAFD01F9154A03A400C756FA /* Continent.h */ = {isa = PBXFileReference; fileEncoding = 4; lastKnownFileType = sourcecode.c.h; path = Continent.h; sourceTree = "<group>"; };
		AAFD01FA154A03A400C756FA /* Continent.m */ = {isa = PBXFileReference; fileEncoding = 4; lastKnownFileType = sourcecode.c.objc; path = Continent.m; sourceTree = "<group>"; };
		DC3BE97813B4FB71003739CC /* BuildSettings-iOS.xcconfig */ = {isa = PBXFileReference; lastKnownFileType = text.xcconfig; path = "BuildSettings-iOS.xcconfig"; sourceTree = "<group>"; };
		DC485B0D13AA0E5600F2BC70 /* libchipmunk-mac.a */ = {isa = PBXFileReference; explicitFileType = archive.ar; path = "libchipmunk-mac.a"; sourceTree = BUILT_PRODUCTS_DIR; };
		DC485B1613AA0EBB00F2BC70 /* libbox2d-mac.a */ = {isa = PBXFileReference; explicitFileType = archive.ar; path = "libbox2d-mac.a"; sourceTree = BUILT_PRODUCTS_DIR; };
		DC485B4513AA18A600F2BC70 /* libcocosdenshion-mac.a */ = {isa = PBXFileReference; explicitFileType = archive.ar; path = "libcocosdenshion-mac.a"; sourceTree = BUILT_PRODUCTS_DIR; };
		DC65615013A969B600A7AC53 /* libbox2d-ios.a */ = {isa = PBXFileReference; explicitFileType = archive.ar; path = "libbox2d-ios.a"; sourceTree = BUILT_PRODUCTS_DIR; };
		DC65615113A969B600A7AC53 /* libchipmunk-ios.a */ = {isa = PBXFileReference; explicitFileType = archive.ar; path = "libchipmunk-ios.a"; sourceTree = BUILT_PRODUCTS_DIR; };
		DC65615213A969B600A7AC53 /* libchipmunk-spacemanager-ios.a */ = {isa = PBXFileReference; explicitFileType = archive.ar; path = "libchipmunk-spacemanager-ios.a"; sourceTree = BUILT_PRODUCTS_DIR; };
		DC65615413A969B600A7AC53 /* libcocos2d-extensions-ios.a */ = {isa = PBXFileReference; explicitFileType = archive.ar; path = "libcocos2d-extensions-ios.a"; sourceTree = BUILT_PRODUCTS_DIR; };
		DC65615513A969B600A7AC53 /* libcocos2d-ios.a */ = {isa = PBXFileReference; explicitFileType = archive.ar; path = "libcocos2d-ios.a"; sourceTree = BUILT_PRODUCTS_DIR; };
		DC65615613A969B600A7AC53 /* libcocos3d-ios.a */ = {isa = PBXFileReference; explicitFileType = archive.ar; path = "libcocos3d-ios.a"; sourceTree = BUILT_PRODUCTS_DIR; };
		DC65615713A969B600A7AC53 /* libcocosdenshion-ios.a */ = {isa = PBXFileReference; explicitFileType = archive.ar; path = "libcocosdenshion-ios.a"; sourceTree = BUILT_PRODUCTS_DIR; };
		DC65615813A969B600A7AC53 /* libkobold2d-ios.a */ = {isa = PBXFileReference; explicitFileType = archive.ar; path = "libkobold2d-ios.a"; sourceTree = BUILT_PRODUCTS_DIR; };
		DC65615913A969B600A7AC53 /* libobjectal-ios.a */ = {isa = PBXFileReference; explicitFileType = archive.ar; path = "libobjectal-ios.a"; sourceTree = BUILT_PRODUCTS_DIR; };
		DC65615A13A969B600A7AC53 /* libsneakyinput-ios.a */ = {isa = PBXFileReference; explicitFileType = archive.ar; path = "libsneakyinput-ios.a"; sourceTree = BUILT_PRODUCTS_DIR; };
		DC979E3D13B35F8800656CB9 /* libcocos2d-extensions-mac.a */ = {isa = PBXFileReference; explicitFileType = archive.ar; path = "libcocos2d-extensions-mac.a"; sourceTree = BUILT_PRODUCTS_DIR; };
		DC979E5913B3607E00656CB9 /* libchipmunk-spacemanager-mac.a */ = {isa = PBXFileReference; explicitFileType = archive.ar; path = "libchipmunk-spacemanager-mac.a"; sourceTree = BUILT_PRODUCTS_DIR; };
		DC9C33E713B5024400931BF2 /* BuildSettings-Debug-Mac.xcconfig */ = {isa = PBXFileReference; lastKnownFileType = text.xcconfig; path = "BuildSettings-Debug-Mac.xcconfig"; sourceTree = "<group>"; };
		DC9C33E813B5024400931BF2 /* BuildSettings-Mac.xcconfig */ = {isa = PBXFileReference; lastKnownFileType = text.xcconfig; path = "BuildSettings-Mac.xcconfig"; sourceTree = "<group>"; };
		DC9C33E913B5024400931BF2 /* BuildSettings-Release-Mac.xcconfig */ = {isa = PBXFileReference; lastKnownFileType = text.xcconfig; path = "BuildSettings-Release-Mac.xcconfig"; sourceTree = "<group>"; };
		DCC1A0E313A94ED5005BD75D /* Conquer-iOS.app */ = {isa = PBXFileReference; explicitFileType = wrapper.application; includeInIndex = 0; path = "Conquer-iOS.app"; sourceTree = BUILT_PRODUCTS_DIR; };
		DCC1A0F913A94ED5005BD75D /* Default.png */ = {isa = PBXFileReference; lastKnownFileType = image.png; name = Default.png; path = Resources/Default.png; sourceTree = "<group>"; };
		DCC1A0FB13A94ED5005BD75D /* fps_images.png */ = {isa = PBXFileReference; lastKnownFileType = image.png; name = fps_images.png; path = Resources/fps_images.png; sourceTree = "<group>"; };
		DCC1A0FD13A94ED5005BD75D /* Icon-72.png */ = {isa = PBXFileReference; lastKnownFileType = image.png; name = "Icon-72.png"; path = "Resources/Icon-72.png"; sourceTree = "<group>"; };
		DCC1A0FF13A94ED5005BD75D /* Icon-Small-50.png */ = {isa = PBXFileReference; lastKnownFileType = image.png; name = "Icon-Small-50.png"; path = "Resources/Icon-Small-50.png"; sourceTree = "<group>"; };
		DCC1A10113A94ED5005BD75D /* Icon-Small.png */ = {isa = PBXFileReference; lastKnownFileType = image.png; name = "Icon-Small.png"; path = "Resources/Icon-Small.png"; sourceTree = "<group>"; };
		DCC1A10313A94ED5005BD75D /* Icon-Small@2x.png */ = {isa = PBXFileReference; lastKnownFileType = image.png; name = "Icon-Small@2x.png"; path = "Resources/Icon-Small@2x.png"; sourceTree = "<group>"; };
		DCC1A10513A94ED5005BD75D /* Icon.png */ = {isa = PBXFileReference; lastKnownFileType = image.png; name = Icon.png; path = Resources/Icon.png; sourceTree = "<group>"; };
		DCC1A10713A94ED5005BD75D /* Icon@2x.png */ = {isa = PBXFileReference; lastKnownFileType = image.png; name = "Icon@2x.png"; path = "Resources/Icon@2x.png"; sourceTree = "<group>"; };
		DCC1A10913A94ED5005BD75D /* Info.plist */ = {isa = PBXFileReference; lastKnownFileType = text.plist.xml; name = Info.plist; path = Resources/Info.plist; sourceTree = "<group>"; };
		DCC1A10A13A94ED5005BD75D /* iTunesArtwork */ = {isa = PBXFileReference; lastKnownFileType = file; name = iTunesArtwork; path = Resources/iTunesArtwork; sourceTree = "<group>"; };
		DCC1A25A13A94EE6005BD75D /* Conquer-Mac.app */ = {isa = PBXFileReference; explicitFileType = wrapper.application; includeInIndex = 0; path = "Conquer-Mac.app"; sourceTree = BUILT_PRODUCTS_DIR; };
		DCC1A26813A94EE6005BD75D /* English */ = {isa = PBXFileReference; lastKnownFileType = text.plist.strings; name = English; path = Resources/English.lproj/InfoPlist.strings; sourceTree = "<group>"; };
		DCC1A26B13A94EE6005BD75D /* English */ = {isa = PBXFileReference; lastKnownFileType = file.xib; name = English; path = Resources/English.lproj/MainMenu.xib; sourceTree = "<group>"; };
		DCC1A26D13A94EE6005BD75D /* fps_images.png */ = {isa = PBXFileReference; lastKnownFileType = image.png; name = fps_images.png; path = Resources/fps_images.png; sourceTree = "<group>"; };
		DCC1A26F13A94EE6005BD75D /* icon.icns */ = {isa = PBXFileReference; lastKnownFileType = image.icns; name = icon.icns; path = Resources/icon.icns; sourceTree = "<group>"; };
		DCC1A27113A94EE6005BD75D /* Info.plist */ = {isa = PBXFileReference; lastKnownFileType = text.plist.xml; name = Info.plist; path = Resources/Info.plist; sourceTree = "<group>"; };
		DCC1A38D13A94F1A005BD75D /* AppDelegate.h */ = {isa = PBXFileReference; fileEncoding = 4; lastKnownFileType = sourcecode.c.h; path = AppDelegate.h; sourceTree = "<group>"; };
		DCC1A38E13A94F1A005BD75D /* AppDelegate.m */ = {isa = PBXFileReference; fileEncoding = 4; lastKnownFileType = sourcecode.c.objc; path = AppDelegate.m; sourceTree = "<group>"; };
		DCC1A39113A94F1A005BD75D /* main.m */ = {isa = PBXFileReference; fileEncoding = 4; lastKnownFileType = sourcecode.c.objc; path = main.m; sourceTree = "<group>"; };
		DCC1A39213A94F1A005BD75D /* Prefix-iOS.pch */ = {isa = PBXFileReference; fileEncoding = 4; lastKnownFileType = sourcecode.c.h; path = "Prefix-iOS.pch"; sourceTree = "<group>"; };
		DCC1A39313A94F1A005BD75D /* Prefix-Mac.pch */ = {isa = PBXFileReference; fileEncoding = 4; lastKnownFileType = sourcecode.c.h; path = "Prefix-Mac.pch"; sourceTree = "<group>"; };
		DCC1A39513A94F1A005BD75D /* config.lua */ = {isa = PBXFileReference; explicitFileType = sourcecode.applescript; fileEncoding = 4; path = config.lua; sourceTree = "<group>"; };
		DCF95CC913A97EC500AE3B80 /* libcocos2d-mac.a */ = {isa = PBXFileReference; explicitFileType = archive.ar; path = "libcocos2d-mac.a"; sourceTree = BUILT_PRODUCTS_DIR; };
		DCF95CCB13A97EC500AE3B80 /* libkobold2d-mac.a */ = {isa = PBXFileReference; explicitFileType = archive.ar; path = "libkobold2d-mac.a"; sourceTree = BUILT_PRODUCTS_DIR; };
		DCFA90EF13B4F6F7009DD35A /* BuildSettings-Debug-iOS.xcconfig */ = {isa = PBXFileReference; lastKnownFileType = text.xcconfig; path = "BuildSettings-Debug-iOS.xcconfig"; sourceTree = "<group>"; };
		DCFA90F013B4F811009DD35A /* BuildSettings-Release-iOS.xcconfig */ = {isa = PBXFileReference; lastKnownFileType = text.xcconfig; path = "BuildSettings-Release-iOS.xcconfig"; sourceTree = "<group>"; };
/* End PBXFileReference section */

/* Begin PBXFrameworksBuildPhase section */
		DCC1A0E013A94ED5005BD75D /* Frameworks */ = {
			isa = PBXFrameworksBuildPhase;
			buildActionMask = 2147483647;
			files = (
				AA6C7CEE1550B0B400600DAA /* libsqlite3.0.dylib in Frameworks */,
				AA6C7CEC1550B0AF00600DAA /* CFNetwork.framework in Frameworks */,
				DC65615C13A969B600A7AC53 /* libbox2d-ios.a in Frameworks */,
				DC65615D13A969B600A7AC53 /* libchipmunk-ios.a in Frameworks */,
				DC65615E13A969B600A7AC53 /* libchipmunk-spacemanager-ios.a in Frameworks */,
				DC65616013A969B600A7AC53 /* libcocos2d-extensions-ios.a in Frameworks */,
				DC65616113A969B600A7AC53 /* libcocos2d-ios.a in Frameworks */,
				DC65616213A969B600A7AC53 /* libcocos3d-ios.a in Frameworks */,
				DC65616313A969B600A7AC53 /* libcocosdenshion-ios.a in Frameworks */,
				DC65616413A969B600A7AC53 /* libkobold2d-ios.a in Frameworks */,
				DC65616513A969B600A7AC53 /* libobjectal-ios.a in Frameworks */,
				DC65616613A969B600A7AC53 /* libsneakyinput-ios.a in Frameworks */,
				AA6C7C301550AE4900600DAA /* libGoogleAnalytics.a in Frameworks */,
				AA6C7C9D1550AE5000600DAA /* libCrittercism_v3_1_5.a in Frameworks */,
			);
			runOnlyForDeploymentPostprocessing = 0;
		};
		DCC1A25713A94EE6005BD75D /* Frameworks */ = {
			isa = PBXFrameworksBuildPhase;
			buildActionMask = 2147483647;
			files = (
				DC979E5A13B3607E00656CB9 /* libchipmunk-spacemanager-mac.a in Frameworks */,
				DC979E3E13B35F8800656CB9 /* libcocos2d-extensions-mac.a in Frameworks */,
				DC485B4613AA18A600F2BC70 /* libcocosdenshion-mac.a in Frameworks */,
				DC485B1713AA0EBB00F2BC70 /* libbox2d-mac.a in Frameworks */,
				DC485B1113AA0E5600F2BC70 /* libchipmunk-mac.a in Frameworks */,
				DCF95CD213A97EC500AE3B80 /* libcocos2d-mac.a in Frameworks */,
				DCF95CD413A97EC500AE3B80 /* libkobold2d-mac.a in Frameworks */,
			);
			runOnlyForDeploymentPostprocessing = 0;
		};
/* End PBXFrameworksBuildPhase section */

/* Begin PBXGroup section */
		63ACAAFF1545EDF3004E1FF6 /* Scenes */ = {
			isa = PBXGroup;
			children = (
				63ACAB131546096F004E1FF6 /* GameModeSelection */,
				63ACAB1415460984004E1FF6 /* SinglePlayer */,
				AAB647B8154E39CC00E1BCD5 /* GameOver */,
				63ACAB15154609BD004E1FF6 /* LayerBase.h */,
				63ACAB16154609BD004E1FF6 /* LayerBase.m */,
			);
			name = Scenes;
			sourceTree = "<group>";
		};
		63ACAB131546096F004E1FF6 /* GameModeSelection */ = {
			isa = PBXGroup;
			children = (
				63ACAB031545EEC6004E1FF6 /* GameModeSelectionScene.h */,
				63ACAB041545EEC6004E1FF6 /* GameModeSelectionScene.m */,
			);
			name = GameModeSelection;
			sourceTree = "<group>";
		};
		63ACAB1415460984004E1FF6 /* SinglePlayer */ = {
			isa = PBXGroup;
			children = (
				63ACAB1815460AD0004E1FF6 /* SinglePlayerScene.h */,
				63ACAB1915460AD0004E1FF6 /* SinglePlayerScene.m */,
			);
			name = SinglePlayer;
			sourceTree = "<group>";
		};
		63ACAB1D1548BC0D004E1FF6 /* GameModels */ = {
			isa = PBXGroup;
			children = (
				63ACAB1E1548BC35004E1FF6 /* Map.h */,
				63ACAB1F1548BC35004E1FF6 /* Map.m */,
				63ACAB211548C359004E1FF6 /* Territory.h */,
				63ACAB221548C359004E1FF6 /* Territory.m */,
				AAFD01F9154A03A400C756FA /* Continent.h */,
				AAFD01FA154A03A400C756FA /* Continent.m */,
				AAB6475E154DE34500E1BCD5 /* CGImageInspection.h */,
				AAB6475F154DE34500E1BCD5 /* CGImageInspection.m */,
			);
			name = GameModels;
			sourceTree = "<group>";
		};
		AA6C7C2C1550AE4900600DAA /* GoogleAnalyticsSDK */ = {
			isa = PBXGroup;
			children = (
				AA6C7CF01550B45300600DAA /* GAWrapper.h */,
				AA6C7C2D1550AE4900600DAA /* GANTracker.h */,
				AA6C7C2E1550AE4900600DAA /* libGoogleAnalytics.a */,
			);
			name = GoogleAnalyticsSDK;
			path = "lib/Google Analytics SDK/Library";
			sourceTree = "<group>";
		};
		AA6C7C321550AE5000600DAA /* CrittercismSDK */ = {
			isa = PBXGroup;
			children = (
				AA6C7C331550AE5000600DAA /* CrashReporter.h */,
				AA6C7C341550AE5000600DAA /* Crittercism.h */,
				AA6C7C351550AE5000600DAA /* CrittercismJSONKit.h */,
				AA6C7C361550AE5000600DAA /* CrittercismReachability.h */,
				AA6C7C371550AE5000600DAA /* libCrittercism_v3_1_5.a */,
				AA6C7C381550AE5000600DAA /* PLCrashAsync.h */,
				AA6C7C391550AE5000600DAA /* PLCrashAsyncImage.h */,
				AA6C7C3A1550AE5000600DAA /* PLCrashAsyncSignalInfo.h */,
				AA6C7C3B1550AE5000600DAA /* PLCrashFrameWalker.h */,
				AA6C7C3C1550AE5000600DAA /* PLCrashFrameWalker_arm.h */,
				AA6C7C3D1550AE5000600DAA /* PLCrashFrameWalker_i386.h */,
				AA6C7C3E1550AE5000600DAA /* PLCrashFrameWalker_ppc.h */,
				AA6C7C3F1550AE5000600DAA /* PLCrashFrameWalker_x86_64.h */,
				AA6C7C401550AE5000600DAA /* PLCrashLogWriter.h */,
				AA6C7C411550AE5000600DAA /* PLCrashLogWriterEncoding.h */,
				AA6C7C421550AE5000600DAA /* PLCrashReport.h */,
				AA6C7C431550AE5000600DAA /* PLCrashReportApplicationInfo.h */,
				AA6C7C441550AE5000600DAA /* PLCrashReportBinaryImageInfo.h */,
				AA6C7C451550AE5000600DAA /* PLCrashReporter.h */,
				AA6C7C461550AE5000600DAA /* PLCrashReportExceptionInfo.h */,
				AA6C7C471550AE5000600DAA /* PLCrashReportFormatter.h */,
				AA6C7C481550AE5000600DAA /* PLCrashReportMachineInfo.h */,
				AA6C7C491550AE5000600DAA /* PLCrashReportProcessInfo.h */,
				AA6C7C4A1550AE5000600DAA /* PLCrashReportProcessorInfo.h */,
				AA6C7C4B1550AE5000600DAA /* PLCrashReportSignalInfo.h */,
				AA6C7C4C1550AE5000600DAA /* PLCrashReportSystemInfo.h */,
				AA6C7C4D1550AE5000600DAA /* PLCrashReportTextFormatter.h */,
				AA6C7C4E1550AE5000600DAA /* PLCrashReportThreadInfo.h */,
				AA6C7C4F1550AE5000600DAA /* PLCrashSignalHandler.h */,
				AA6C7C501550AE5000600DAA /* PLCrashSysctl.h */,
				AA6C7C511550AE5000600DAA /* Resources */,
			);
			name = CrittercismSDK;
			path = lib/CrittercismSDK;
			sourceTree = "<group>";
		};
		AA6C7C511550AE5000600DAA /* Resources */ = {
			isa = PBXGroup;
			children = (
				AA6C7C521550AE5000600DAA /* Images */,
				AA6C7C941550AE5000600DAA /* Nibs */,
			);
			path = Resources;
			sourceTree = "<group>";
		};
		AA6C7C521550AE5000600DAA /* Images */ = {
			isa = PBXGroup;
			children = (
				AA6C7C531550AE5000600DAA /* crittercism-arrow-l.png */,
				AA6C7C541550AE5000600DAA /* crittercism-arrow-l@2x.png */,
				AA6C7C551550AE5000600DAA /* crittercism-arrow-left-gray-border.png */,
				AA6C7C561550AE5000600DAA /* crittercism-arrow-left-no-border.png */,
				AA6C7C571550AE5000600DAA /* crittercism-arrow-left.png */,
				AA6C7C581550AE5000600DAA /* crittercism-arrow-let-no-border.png */,
				AA6C7C591550AE5000600DAA /* crittercism-arrow-r.png */,
				AA6C7C5A1550AE5000600DAA /* crittercism-arrow-r@2x.png */,
				AA6C7C5B1550AE5000600DAA /* crittercism-arrow-right-green-border.png */,
				AA6C7C5C1550AE5000600DAA /* crittercism-arrow-right-no-border.png */,
				AA6C7C5D1550AE5000600DAA /* crittercism-avatar-default.png */,
				AA6C7C5E1550AE5000600DAA /* crittercism-avatar-us.png */,
				AA6C7C5F1550AE5000600DAA /* crittercism-bg-00.png */,
				AA6C7C601550AE5000600DAA /* crittercism-bg-categorize-as.png */,
				AA6C7C611550AE5000600DAA /* crittercism-bg-edit-form.png */,
				AA6C7C621550AE5000600DAA /* crittercism-bg-edit-form@2x~iphone.png */,
				AA6C7C631550AE5000600DAA /* crittercism-bg-inactive-overlay.png */,
				AA6C7C641550AE5000600DAA /* crittercism-bg-reply-to.png */,
				AA6C7C651550AE5000600DAA /* crittercism-btn-add-comment-sel.png */,
				AA6C7C661550AE5000600DAA /* crittercism-btn-add-comment.png */,
				AA6C7C671550AE5000600DAA /* crittercism-btn-cancel.png */,
				AA6C7C681550AE5000600DAA /* crittercism-btn-close.png */,
				AA6C7C691550AE5000600DAA /* crittercism-btn-submit.png */,
				AA6C7C6A1550AE5000600DAA /* crittercism-btn-thumbs-dn-default.png */,
				AA6C7C6B1550AE5000600DAA /* crittercism-btn-thumbs-dn-voted.png */,
				AA6C7C6C1550AE5000600DAA /* crittercism-btn-thumbs-up-default.png */,
				AA6C7C6D1550AE5000600DAA /* crittercism-btn-thumbs-up-pressed.png */,
				AA6C7C6E1550AE5000600DAA /* crittercism-btn-thumbs-up-pressed@2x.png */,
				AA6C7C6F1550AE5000600DAA /* crittercism-btn-thumbs-up-voted.png */,
				AA6C7C701550AE5000600DAA /* crittercism-btn-thumbs-up.png */,
				AA6C7C711550AE5000600DAA /* crittercism-btn-thumbs-up@2x.png */,
				AA6C7C721550AE5000600DAA /* crittercism-bug.png */,
				AA6C7C731550AE5000600DAA /* crittercism-checkbox-checked.png */,
				AA6C7C741550AE5000600DAA /* crittercism-checkbox-unchecked.png */,
				AA6C7C751550AE5000600DAA /* crittercism-dev-profile-halfsize.png */,
				AA6C7C761550AE5000600DAA /* crittercism-dev-profile-halfsize@2x.png */,
				AA6C7C771550AE5000600DAA /* crittercism-feedback-forum-bg-gradient.png */,
				AA6C7C781550AE5000600DAA /* crittercism-gray.png */,
				AA6C7C791550AE5000600DAA /* crittercism-green.png */,
				AA6C7C7A1550AE5000600DAA /* crittercism-hamster-ftw.png */,
				AA6C7C7B1550AE5000600DAA /* crittercism-hamster-twitter.png */,
				AA6C7C7C1550AE5000600DAA /* crittercism-hamster.png */,
				AA6C7C7D1550AE5000600DAA /* crittercism-icon-cat-idea.png */,
				AA6C7C7E1550AE5000600DAA /* crittercism-icon-cat-idea@2x.png */,
				AA6C7C7F1550AE5000600DAA /* crittercism-icon-cat-love.png */,
				AA6C7C801550AE5000600DAA /* crittercism-icon-cat-love@2x.png */,
				AA6C7C811550AE5000600DAA /* crittercism-icon-cat-problem.png */,
				AA6C7C821550AE5000600DAA /* crittercism-icon-cat-problem@2x.png */,
				AA6C7C831550AE5000600DAA /* crittercism-icon-cat-question.png */,
				AA6C7C841550AE5000600DAA /* crittercism-icon-cat-question@2x.png */,
				AA6C7C851550AE5000600DAA /* crittercism-icon-tab-01.png */,
				AA6C7C861550AE5000600DAA /* crittercism-idea.png */,
				AA6C7C871550AE5000600DAA /* crittercism-love.png */,
				AA6C7C881550AE5000600DAA /* crittercism-other.png */,
				AA6C7C891550AE5000600DAA /* crittercism-question.png */,
				AA6C7C8A1550AE5000600DAA /* crittercism-tab-icon@1x~iphone.png */,
				AA6C7C8B1550AE5000600DAA /* crittercism-tab-icon@2x~ipad.png */,
				AA6C7C8C1550AE5000600DAA /* crittercism-title-bar.png */,
				AA6C7C8D1550AE5000600DAA /* crittercism-user-arrow-l.png */,
				AA6C7C8E1550AE5000600DAA /* crittercism-user-arrow-l@2x.png */,
				AA6C7C8F1550AE5000600DAA /* crittercism-user-profile-halfsize.png */,
				AA6C7C901550AE5000600DAA /* crittercism-user-profile.png */,
				AA6C7C911550AE5000600DAA /* crittercism-user-profile@2x.png */,
				AA6C7C921550AE5000600DAA /* crittercism-votesLeftButton.png */,
				AA6C7C931550AE5000600DAA /* crittercism_icon.png */,
			);
			path = Images;
			sourceTree = "<group>";
		};
		AA6C7C941550AE5000600DAA /* Nibs */ = {
			isa = PBXGroup;
			children = (
				AA6C7C951550AE5000600DAA /* CrittercismAboutViewController.xib */,
				AA6C7C961550AE5000600DAA /* CrittercismAddCommentViewController.xib */,
				AA6C7C971550AE5000600DAA /* CrittercismAddViewController.xib */,
				AA6C7C981550AE5000600DAA /* CrittercismCell.xib */,
				AA6C7C991550AE5000600DAA /* CrittercismDescriptionViewController.xib */,
				AA6C7C9A1550AE5000600DAA /* CrittercismGridViewController.xib */,
				AA6C7C9B1550AE5000600DAA /* CrittercismRootViewController.xib */,
				AA6C7C9C1550AE5000600DAA /* CrittercismViewController.xib */,
			);
			path = Nibs;
			sourceTree = "<group>";
		};
		AAB64788154E1F8600E1BCD5 /* Libraries */ = {
			isa = PBXGroup;
			children = (
				AA6C7C321550AE5000600DAA /* CrittercismSDK */,
				AA6C7C2C1550AE4900600DAA /* GoogleAnalyticsSDK */,
				AAB6478D154E202900E1BCD5 /* TouchJSON */,
				AA37CC3E154F281F00CE7835 /* NSMutableArray_Shuffling.h */,
				AA37CC3F154F281F00CE7835 /* NSMutableArray_Shuffling.m */,
				AA3B0377154F37BF0000D6A7 /* UIColor_ColorFromUInt32.h */,
				AA3B0378154F37BF0000D6A7 /* UIColor_ColorFromUInt32.m */,
			);
			name = Libraries;
			sourceTree = "<group>";
		};
		AAB6478D154E202900E1BCD5 /* TouchJSON */ = {
			isa = PBXGroup;
			children = (
				AAB6478E154E202900E1BCD5 /* CDataScanner.h */,
				AAB6478F154E202900E1BCD5 /* CDataScanner.m */,
				AAB64790154E202900E1BCD5 /* Experimental */,
				AAB64799154E202900E1BCD5 /* Extensions */,
				AAB6479E154E202900E1BCD5 /* JSON */,
			);
			name = TouchJSON;
			path = "lib/TouchCode-TouchJSON-eda0443/Source";
			sourceTree = "<group>";
		};
		AAB64790154E202900E1BCD5 /* Experimental */ = {
			isa = PBXGroup;
			children = (
				AAB64791154E202900E1BCD5 /* CFilteringJSONSerializer.h */,
				AAB64792154E202900E1BCD5 /* CFilteringJSONSerializer.m */,
				AAB64793154E202900E1BCD5 /* CJSONDeserializer_BlocksExtensions.h */,
				AAB64794154E202900E1BCD5 /* CJSONDeserializer_BlocksExtensions.m */,
				AAB64795154E202900E1BCD5 /* CJSONSerialization.h */,
				AAB64796154E202900E1BCD5 /* CJSONSerialization.m */,
				AAB64797154E202900E1BCD5 /* CJSONSerializedData.h */,
				AAB64798154E202900E1BCD5 /* CJSONSerializedData.m */,
			);
			path = Experimental;
			sourceTree = "<group>";
		};
		AAB64799154E202900E1BCD5 /* Extensions */ = {
			isa = PBXGroup;
			children = (
				AAB6479A154E202900E1BCD5 /* CDataScanner_Extensions.h */,
				AAB6479B154E202900E1BCD5 /* CDataScanner_Extensions.m */,
				AAB6479C154E202900E1BCD5 /* NSDictionary_JSONExtensions.h */,
				AAB6479D154E202900E1BCD5 /* NSDictionary_JSONExtensions.m */,
			);
			path = Extensions;
			sourceTree = "<group>";
		};
		AAB6479E154E202900E1BCD5 /* JSON */ = {
			isa = PBXGroup;
			children = (
				AAB6479F154E202900E1BCD5 /* CJSONDeserializer.h */,
				AAB647A0154E202900E1BCD5 /* CJSONDeserializer.m */,
				AAB647A1154E202900E1BCD5 /* CJSONScanner.h */,
				AAB647A2154E202900E1BCD5 /* CJSONScanner.m */,
				AAB647A3154E202900E1BCD5 /* CJSONSerializer.h */,
				AAB647A4154E202900E1BCD5 /* CJSONSerializer.m */,
				AAB647A5154E202900E1BCD5 /* JSONRepresentation.h */,
			);
			path = JSON;
			sourceTree = "<group>";
		};
		AAB647B0154E2A5500E1BCD5 /* Players */ = {
			isa = PBXGroup;
			children = (
				AAB647B7154E306000E1BCD5 /* PlayerProtocol.h */,
				AAB647B1154E2A6E00E1BCD5 /* Player.h */,
				AAB647B2154E2A6E00E1BCD5 /* Player.m */,
				AAB647B4154E2BEC00E1BCD5 /* HumanPlayer.h */,
				AAB647B5154E2BEC00E1BCD5 /* HumanPlayer.m */,
				AA3B037B154F5C940000D6A7 /* ComputerPlayer.h */,
				AA3B037C154F5C940000D6A7 /* ComputerPlayer.m */,
				AA3B0381154F60020000D6A7 /* EasyComputerPlayer.h */,
				AA3B0382154F60020000D6A7 /* EasyComputerPlayer.m */,
			);
			name = Players;
			sourceTree = "<group>";
		};
		AAB647B8154E39CC00E1BCD5 /* GameOver */ = {
			isa = PBXGroup;
			children = (
				AAB647B9154E39F600E1BCD5 /* GameWonScene.h */,
				AAB647BA154E39F600E1BCD5 /* GameWonScene.m */,
				AA3B037E154F5DA30000D6A7 /* GameLostScene.h */,
				AA3B037F154F5DA30000D6A7 /* GameLostScene.m */,
			);
			name = GameOver;
			sourceTree = "<group>";
		};
		DCC1A0D613A94EC0005BD75D = {
			isa = PBXGroup;
			children = (
				DCC1A38C13A94F1A005BD75D /* Projectfiles */,
				DCC1A0F713A94ED5005BD75D /* Projectfiles-iOS */,
				DCC1A26413A94EE6005BD75D /* Projectfiles-Mac */,
				DCFA90ED13B4F6A0009DD35A /* BuildSettings */,
				DCC1A0E613A94ED5005BD75D /* Frameworks */,
				DCC1A0E413A94ED5005BD75D /* Products */,
			);
			sourceTree = "<group>";
		};
		DCC1A0E413A94ED5005BD75D /* Products */ = {
			isa = PBXGroup;
			children = (
				DCC1A0E313A94ED5005BD75D /* Conquer-iOS.app */,
				DCC1A25A13A94EE6005BD75D /* Conquer-Mac.app */,
			);
			name = Products;
			sourceTree = "<group>";
		};
		DCC1A0E613A94ED5005BD75D /* Frameworks */ = {
			isa = PBXGroup;
			children = (
				AA6C7CED1550B0B400600DAA /* libsqlite3.0.dylib */,
				AA6C7CEB1550B0AF00600DAA /* CFNetwork.framework */,
			);
			name = Frameworks;
			sourceTree = "<group>";
		};
		DCC1A0F713A94ED5005BD75D /* Projectfiles-iOS */ = {
			isa = PBXGroup;
			children = (
				DCC1A0F813A94ED5005BD75D /* Resources */,
			);
			path = "Projectfiles-iOS";
			sourceTree = "<group>";
		};
		DCC1A0F813A94ED5005BD75D /* Resources */ = {
			isa = PBXGroup;
			children = (
				DCC1A0F913A94ED5005BD75D /* Default.png */,
				DCC1A0FB13A94ED5005BD75D /* fps_images.png */,
				DCC1A0FD13A94ED5005BD75D /* Icon-72.png */,
				DCC1A0FF13A94ED5005BD75D /* Icon-Small-50.png */,
				DCC1A10113A94ED5005BD75D /* Icon-Small.png */,
				DCC1A10313A94ED5005BD75D /* Icon-Small@2x.png */,
				DCC1A10513A94ED5005BD75D /* Icon.png */,
				DCC1A10713A94ED5005BD75D /* Icon@2x.png */,
				DCC1A10913A94ED5005BD75D /* Info.plist */,
				DCC1A10A13A94ED5005BD75D /* iTunesArtwork */,
			);
			name = Resources;
			sourceTree = "<group>";
		};
		DCC1A26413A94EE6005BD75D /* Projectfiles-Mac */ = {
			isa = PBXGroup;
			children = (
				DCC1A26513A94EE6005BD75D /* Resources */,
			);
			path = "Projectfiles-Mac";
			sourceTree = "<group>";
		};
		DCC1A26513A94EE6005BD75D /* Resources */ = {
			isa = PBXGroup;
			children = (
				DCC1A26D13A94EE6005BD75D /* fps_images.png */,
				DCC1A26F13A94EE6005BD75D /* icon.icns */,
				DCC1A27113A94EE6005BD75D /* Info.plist */,
				DCC1A26613A94EE6005BD75D /* English.lproj */,
			);
			name = Resources;
			sourceTree = "<group>";
		};
		DCC1A26613A94EE6005BD75D /* English.lproj */ = {
			isa = PBXGroup;
			children = (
				DCC1A26713A94EE6005BD75D /* InfoPlist.strings */,
				DCC1A26A13A94EE6005BD75D /* MainMenu.xib */,
			);
			name = English.lproj;
			sourceTree = "<group>";
		};
		DCC1A38C13A94F1A005BD75D /* Projectfiles */ = {
			isa = PBXGroup;
			children = (
				AAB647B0154E2A5500E1BCD5 /* Players */,
				AAB64788154E1F8600E1BCD5 /* Libraries */,
				63ACAB1D1548BC0D004E1FF6 /* GameModels */,
				63ACAAFF1545EDF3004E1FF6 /* Scenes */,
				AAB6475C154C81C800E1BCD5 /* Constants.h */,
				DCC1A38D13A94F1A005BD75D /* AppDelegate.h */,
				DCC1A38E13A94F1A005BD75D /* AppDelegate.m */,
				DCC1A39413A94F1A005BD75D /* Resources */,
				DCC1A3CF13A94F2C005BD75D /* Supporting Files */,
			);
			path = Projectfiles;
			sourceTree = "<group>";
		};
		DCC1A39413A94F1A005BD75D /* Resources */ = {
			isa = PBXGroup;
			children = (
				63ACAB1B15470D69004E1FF6 /* Maps */,
				63ACAB11154605BF004E1FF6 /* HUD */,
				63ACAB0F1545F308004E1FF6 /* Buttons */,
				DCC1A39513A94F1A005BD75D /* config.lua */,
			);
			path = Resources;
			sourceTree = "<group>";
		};
		DCC1A3CF13A94F2C005BD75D /* Supporting Files */ = {
			isa = PBXGroup;
			children = (
				DCC1A39113A94F1A005BD75D /* main.m */,
				DCC1A39213A94F1A005BD75D /* Prefix-iOS.pch */,
				DCC1A39313A94F1A005BD75D /* Prefix-Mac.pch */,
			);
			name = "Supporting Files";
			sourceTree = "<group>";
		};
		DCFA90ED13B4F6A0009DD35A /* BuildSettings */ = {
			isa = PBXGroup;
			children = (
				DCFA90EF13B4F6F7009DD35A /* BuildSettings-Debug-iOS.xcconfig */,
				DCFA90F013B4F811009DD35A /* BuildSettings-Release-iOS.xcconfig */,
				DC3BE97813B4FB71003739CC /* BuildSettings-iOS.xcconfig */,
				DC9C33E713B5024400931BF2 /* BuildSettings-Debug-Mac.xcconfig */,
				DC9C33E913B5024400931BF2 /* BuildSettings-Release-Mac.xcconfig */,
				DC9C33E813B5024400931BF2 /* BuildSettings-Mac.xcconfig */,
			);
			path = BuildSettings;
			sourceTree = "<group>";
		};
/* End PBXGroup section */

/* Begin PBXNativeTarget section */
		DCC1A0E213A94ED5005BD75D /* Conquer-iOS */ = {
			isa = PBXNativeTarget;
			buildConfigurationList = DCC1A25313A94ED7005BD75D /* Build configuration list for PBXNativeTarget "Conquer-iOS" */;
			buildPhases = (
				DCC1A0DF13A94ED5005BD75D /* Sources */,
				DCC1A0E013A94ED5005BD75D /* Frameworks */,
				DCC1A0E113A94ED5005BD75D /* Resources */,
			);
			buildRules = (
			);
			dependencies = (
			);
			name = "Conquer-iOS";
			productName = "Hello-World-iOS";
			productReference = DCC1A0E313A94ED5005BD75D /* Conquer-iOS.app */;
			productType = "com.apple.product-type.application";
		};
		DCC1A25913A94EE6005BD75D /* Conquer-Mac */ = {
			isa = PBXNativeTarget;
			buildConfigurationList = DCC1A38913A94EE7005BD75D /* Build configuration list for PBXNativeTarget "Conquer-Mac" */;
			buildPhases = (
				DCC1A25613A94EE6005BD75D /* Sources */,
				DCC1A25713A94EE6005BD75D /* Frameworks */,
				DCC1A25813A94EE6005BD75D /* Resources */,
			);
			buildRules = (
			);
			dependencies = (
			);
			name = "Conquer-Mac";
			productName = "Hello-World-Mac";
			productReference = DCC1A25A13A94EE6005BD75D /* Conquer-Mac.app */;
			productType = "com.apple.product-type.application";
		};
/* End PBXNativeTarget section */

/* Begin PBXProject section */
		DCC1A0D813A94EC0005BD75D /* Project object */ = {
			isa = PBXProject;
			attributes = {
				LastUpgradeCheck = 0430;
			};
			buildConfigurationList = DCC1A0DB13A94EC0005BD75D /* Build configuration list for PBXProject "Conquer" */;
			compatibilityVersion = "Xcode 3.2";
			developmentRegion = English;
			hasScannedForEncodings = 0;
			knownRegions = (
				en,
				English,
			);
			mainGroup = DCC1A0D613A94EC0005BD75D;
			productRefGroup = DCC1A0E413A94ED5005BD75D /* Products */;
			projectDirPath = "";
			projectRoot = "";
			targets = (
				DCC1A0E213A94ED5005BD75D /* Conquer-iOS */,
				DCC1A25913A94EE6005BD75D /* Conquer-Mac */,
			);
		};
/* End PBXProject section */

/* Begin PBXResourcesBuildPhase section */
		DCC1A0E113A94ED5005BD75D /* Resources */ = {
			isa = PBXResourcesBuildPhase;
			buildActionMask = 2147483647;
			files = (
				DCC1A0FA13A94ED5005BD75D /* Default.png in Resources */,
				DCC1A0FC13A94ED5005BD75D /* fps_images.png in Resources */,
				DCC1A0FE13A94ED5005BD75D /* Icon-72.png in Resources */,
				DCC1A10013A94ED5005BD75D /* Icon-Small-50.png in Resources */,
				DCC1A10213A94ED5005BD75D /* Icon-Small.png in Resources */,
				DCC1A10413A94ED5005BD75D /* Icon-Small@2x.png in Resources */,
				DCC1A10613A94ED5005BD75D /* Icon.png in Resources */,
				DCC1A10813A94ED5005BD75D /* Icon@2x.png in Resources */,
				DCC1A10B13A94ED5005BD75D /* iTunesArtwork in Resources */,
				DCC1A3AF13A94F1A005BD75D /* config.lua in Resources */,
				63ACAB101545F308004E1FF6 /* Buttons in Resources */,
				63ACAB12154605BF004E1FF6 /* HUD in Resources */,
				63ACAB1C15470D69004E1FF6 /* Maps in Resources */,
				AA6C7C9E1550AE5000600DAA /* crittercism-arrow-l.png in Resources */,
				AA6C7C9F1550AE5000600DAA /* crittercism-arrow-l@2x.png in Resources */,
				AA6C7CA01550AE5000600DAA /* crittercism-arrow-left-gray-border.png in Resources */,
				AA6C7CA11550AE5000600DAA /* crittercism-arrow-left-no-border.png in Resources */,
				AA6C7CA21550AE5000600DAA /* crittercism-arrow-left.png in Resources */,
				AA6C7CA31550AE5000600DAA /* crittercism-arrow-let-no-border.png in Resources */,
				AA6C7CA41550AE5000600DAA /* crittercism-arrow-r.png in Resources */,
				AA6C7CA51550AE5000600DAA /* crittercism-arrow-r@2x.png in Resources */,
				AA6C7CA61550AE5000600DAA /* crittercism-arrow-right-green-border.png in Resources */,
				AA6C7CA71550AE5000600DAA /* crittercism-arrow-right-no-border.png in Resources */,
				AA6C7CA81550AE5000600DAA /* crittercism-avatar-default.png in Resources */,
				AA6C7CA91550AE5000600DAA /* crittercism-avatar-us.png in Resources */,
				AA6C7CAA1550AE5000600DAA /* crittercism-bg-00.png in Resources */,
				AA6C7CAB1550AE5000600DAA /* crittercism-bg-categorize-as.png in Resources */,
				AA6C7CAC1550AE5000600DAA /* crittercism-bg-edit-form.png in Resources */,
				AA6C7CAD1550AE5000600DAA /* crittercism-bg-edit-form@2x~iphone.png in Resources */,
				AA6C7CAE1550AE5000600DAA /* crittercism-bg-inactive-overlay.png in Resources */,
				AA6C7CAF1550AE5000600DAA /* crittercism-bg-reply-to.png in Resources */,
				AA6C7CB01550AE5000600DAA /* crittercism-btn-add-comment-sel.png in Resources */,
				AA6C7CB11550AE5000600DAA /* crittercism-btn-add-comment.png in Resources */,
				AA6C7CB21550AE5000600DAA /* crittercism-btn-cancel.png in Resources */,
				AA6C7CB31550AE5000600DAA /* crittercism-btn-close.png in Resources */,
				AA6C7CB41550AE5000600DAA /* crittercism-btn-submit.png in Resources */,
				AA6C7CB51550AE5000600DAA /* crittercism-btn-thumbs-dn-default.png in Resources */,
				AA6C7CB61550AE5000600DAA /* crittercism-btn-thumbs-dn-voted.png in Resources */,
				AA6C7CB71550AE5000600DAA /* crittercism-btn-thumbs-up-default.png in Resources */,
				AA6C7CB81550AE5000600DAA /* crittercism-btn-thumbs-up-pressed.png in Resources */,
				AA6C7CB91550AE5000600DAA /* crittercism-btn-thumbs-up-pressed@2x.png in Resources */,
				AA6C7CBA1550AE5000600DAA /* crittercism-btn-thumbs-up-voted.png in Resources */,
				AA6C7CBB1550AE5000600DAA /* crittercism-btn-thumbs-up.png in Resources */,
				AA6C7CBC1550AE5000600DAA /* crittercism-btn-thumbs-up@2x.png in Resources */,
				AA6C7CBD1550AE5000600DAA /* crittercism-bug.png in Resources */,
				AA6C7CBE1550AE5000600DAA /* crittercism-checkbox-checked.png in Resources */,
				AA6C7CBF1550AE5000600DAA /* crittercism-checkbox-unchecked.png in Resources */,
				AA6C7CC01550AE5000600DAA /* crittercism-dev-profile-halfsize.png in Resources */,
				AA6C7CC11550AE5000600DAA /* crittercism-dev-profile-halfsize@2x.png in Resources */,
				AA6C7CC21550AE5000600DAA /* crittercism-feedback-forum-bg-gradient.png in Resources */,
				AA6C7CC31550AE5000600DAA /* crittercism-gray.png in Resources */,
				AA6C7CC41550AE5000600DAA /* crittercism-green.png in Resources */,
				AA6C7CC51550AE5000600DAA /* crittercism-hamster-ftw.png in Resources */,
				AA6C7CC61550AE5000600DAA /* crittercism-hamster-twitter.png in Resources */,
				AA6C7CC71550AE5000600DAA /* crittercism-hamster.png in Resources */,
				AA6C7CC81550AE5000600DAA /* crittercism-icon-cat-idea.png in Resources */,
				AA6C7CC91550AE5000600DAA /* crittercism-icon-cat-idea@2x.png in Resources */,
				AA6C7CCA1550AE5000600DAA /* crittercism-icon-cat-love.png in Resources */,
				AA6C7CCB1550AE5000600DAA /* crittercism-icon-cat-love@2x.png in Resources */,
				AA6C7CCC1550AE5000600DAA /* crittercism-icon-cat-problem.png in Resources */,
				AA6C7CCD1550AE5000600DAA /* crittercism-icon-cat-problem@2x.png in Resources */,
				AA6C7CCE1550AE5000600DAA /* crittercism-icon-cat-question.png in Resources */,
				AA6C7CCF1550AE5000600DAA /* crittercism-icon-cat-question@2x.png in Resources */,
				AA6C7CD01550AE5000600DAA /* crittercism-icon-tab-01.png in Resources */,
				AA6C7CD11550AE5000600DAA /* crittercism-idea.png in Resources */,
				AA6C7CD21550AE5000600DAA /* crittercism-love.png in Resources */,
				AA6C7CD31550AE5000600DAA /* crittercism-other.png in Resources */,
				AA6C7CD41550AE5000600DAA /* crittercism-question.png in Resources */,
				AA6C7CD51550AE5000600DAA /* crittercism-tab-icon@1x~iphone.png in Resources */,
				AA6C7CD61550AE5000600DAA /* crittercism-tab-icon@2x~ipad.png in Resources */,
				AA6C7CD71550AE5000600DAA /* crittercism-title-bar.png in Resources */,
				AA6C7CD81550AE5000600DAA /* crittercism-user-arrow-l.png in Resources */,
				AA6C7CD91550AE5000600DAA /* crittercism-user-arrow-l@2x.png in Resources */,
				AA6C7CDA1550AE5000600DAA /* crittercism-user-profile-halfsize.png in Resources */,
				AA6C7CDB1550AE5000600DAA /* crittercism-user-profile.png in Resources */,
				AA6C7CDC1550AE5000600DAA /* crittercism-user-profile@2x.png in Resources */,
				AA6C7CDD1550AE5000600DAA /* crittercism-votesLeftButton.png in Resources */,
				AA6C7CDE1550AE5000600DAA /* crittercism_icon.png in Resources */,
				AA6C7CDF1550AE5000600DAA /* CrittercismAboutViewController.xib in Resources */,
				AA6C7CE01550AE5000600DAA /* CrittercismAddCommentViewController.xib in Resources */,
				AA6C7CE11550AE5000600DAA /* CrittercismAddViewController.xib in Resources */,
				AA6C7CE21550AE5000600DAA /* CrittercismCell.xib in Resources */,
				AA6C7CE31550AE5000600DAA /* CrittercismDescriptionViewController.xib in Resources */,
				AA6C7CE41550AE5000600DAA /* CrittercismGridViewController.xib in Resources */,
				AA6C7CE51550AE5000600DAA /* CrittercismRootViewController.xib in Resources */,
				AA6C7CE61550AE5000600DAA /* CrittercismViewController.xib in Resources */,
			);
			runOnlyForDeploymentPostprocessing = 0;
		};
		DCC1A25813A94EE6005BD75D /* Resources */ = {
			isa = PBXResourcesBuildPhase;
			buildActionMask = 2147483647;
			files = (
				DCC1A26913A94EE6005BD75D /* InfoPlist.strings in Resources */,
				DCC1A26C13A94EE6005BD75D /* MainMenu.xib in Resources */,
				DCC1A26E13A94EE6005BD75D /* fps_images.png in Resources */,
				DCC1A27013A94EE6005BD75D /* icon.icns in Resources */,
				DCC1A3B013A94F1A005BD75D /* config.lua in Resources */,
			);
			runOnlyForDeploymentPostprocessing = 0;
		};
/* End PBXResourcesBuildPhase section */

/* Begin PBXSourcesBuildPhase section */
		DCC1A0DF13A94ED5005BD75D /* Sources */ = {
			isa = PBXSourcesBuildPhase;
			buildActionMask = 2147483647;
			files = (
				DCC1A3A913A94F1A005BD75D /* AppDelegate.m in Sources */,
				DCC1A3AD13A94F1A005BD75D /* main.m in Sources */,
				63ACAB051545EEC6004E1FF6 /* GameModeSelectionScene.m in Sources */,
				63ACAB17154609BD004E1FF6 /* LayerBase.m in Sources */,
				63ACAB1A15460AD0004E1FF6 /* SinglePlayerScene.m in Sources */,
				63ACAB201548BC35004E1FF6 /* Map.m in Sources */,
				63ACAB231548C359004E1FF6 /* Territory.m in Sources */,
				AAFD01FB154A03A400C756FA /* Continent.m in Sources */,
				AAB64760154DE34500E1BCD5 /* CGImageInspection.m in Sources */,
				AAB647A6154E202900E1BCD5 /* CDataScanner.m in Sources */,
				AAB647A7154E202900E1BCD5 /* CFilteringJSONSerializer.m in Sources */,
				AAB647A8154E202900E1BCD5 /* CJSONDeserializer_BlocksExtensions.m in Sources */,
				AAB647A9154E202900E1BCD5 /* CJSONSerialization.m in Sources */,
				AAB647AA154E202900E1BCD5 /* CJSONSerializedData.m in Sources */,
				AAB647AB154E202900E1BCD5 /* CDataScanner_Extensions.m in Sources */,
				AAB647AC154E202900E1BCD5 /* NSDictionary_JSONExtensions.m in Sources */,
				AAB647AD154E202900E1BCD5 /* CJSONDeserializer.m in Sources */,
				AAB647AE154E202900E1BCD5 /* CJSONScanner.m in Sources */,
				AAB647AF154E202900E1BCD5 /* CJSONSerializer.m in Sources */,
				AAB647B3154E2A6E00E1BCD5 /* Player.m in Sources */,
				AAB647B6154E2BEC00E1BCD5 /* HumanPlayer.m in Sources */,
				AAB647BB154E39F600E1BCD5 /* GameWonScene.m in Sources */,
				AA37CC40154F281F00CE7835 /* NSMutableArray_Shuffling.m in Sources */,
				AA3B0379154F37BF0000D6A7 /* UIColor_ColorFromUInt32.m in Sources */,
				AA3B037D154F5C940000D6A7 /* ComputerPlayer.m in Sources */,
				AA3B0380154F5DA30000D6A7 /* GameLostScene.m in Sources */,
				AA3B0383154F60020000D6A7 /* EasyComputerPlayer.m in Sources */,
			);
			runOnlyForDeploymentPostprocessing = 0;
		};
		DCC1A25613A94EE6005BD75D /* Sources */ = {
			isa = PBXSourcesBuildPhase;
			buildActionMask = 2147483647;
			files = (
				DCC1A3AA13A94F1A005BD75D /* AppDelegate.m in Sources */,
				DCC1A3AE13A94F1A005BD75D /* main.m in Sources */,
			);
			runOnlyForDeploymentPostprocessing = 0;
		};
/* End PBXSourcesBuildPhase section */

/* Begin PBXVariantGroup section */
		DCC1A26713A94EE6005BD75D /* InfoPlist.strings */ = {
			isa = PBXVariantGroup;
			children = (
				DCC1A26813A94EE6005BD75D /* English */,
			);
			name = InfoPlist.strings;
			sourceTree = "<group>";
		};
		DCC1A26A13A94EE6005BD75D /* MainMenu.xib */ = {
			isa = PBXVariantGroup;
			children = (
				DCC1A26B13A94EE6005BD75D /* English */,
			);
			name = MainMenu.xib;
			sourceTree = "<group>";
		};
/* End PBXVariantGroup section */

/* Begin XCBuildConfiguration section */
		DCC1A0DD13A94EC0005BD75D /* Debug */ = {
			isa = XCBuildConfiguration;
			buildSettings = {
			};
			name = Debug;
		};
		DCC1A0DE13A94EC0005BD75D /* Release */ = {
			isa = XCBuildConfiguration;
			buildSettings = {
			};
			name = Release;
		};
		DCC1A25413A94ED7005BD75D /* Debug */ = {
			isa = XCBuildConfiguration;
			baseConfigurationReference = DCFA90EF13B4F6F7009DD35A /* BuildSettings-Debug-iOS.xcconfig */;
			buildSettings = {
				GCC_THUMB_SUPPORT = NO;
				LIBRARY_SEARCH_PATHS = (
					"$(inherited)",
					"\"$(SRCROOT)/../__Kobold2D__/libs/GoogleAdMobAdsSDK\"",
					"\"$(SRCROOT)/Projectfiles/lib/Google Analytics SDK/Library\"",
					"\"$(SRCROOT)/Projectfiles/lib/CrittercismSDK\"",
				);
				TARGETED_DEVICE_FAMILY = 2;
			};
			name = Debug;
		};
		DCC1A25513A94ED7005BD75D /* Release */ = {
			isa = XCBuildConfiguration;
			baseConfigurationReference = DCFA90F013B4F811009DD35A /* BuildSettings-Release-iOS.xcconfig */;
			buildSettings = {
				GCC_THUMB_SUPPORT = NO;
				LIBRARY_SEARCH_PATHS = (
					"$(inherited)",
					"\"$(SRCROOT)/../__Kobold2D__/libs/GoogleAdMobAdsSDK\"",
					"\"$(SRCROOT)/Projectfiles/lib/Google Analytics SDK/Library\"",
					"\"$(SRCROOT)/Projectfiles/lib/CrittercismSDK\"",
				);
				TARGETED_DEVICE_FAMILY = 2;
			};
			name = Release;
		};
		DCC1A38A13A94EE7005BD75D /* Debug */ = {
			isa = XCBuildConfiguration;
			baseConfigurationReference = DC9C33E713B5024400931BF2 /* BuildSettings-Debug-Mac.xcconfig */;
			buildSettings = {
			};
			name = Debug;
		};
		DCC1A38B13A94EE7005BD75D /* Release */ = {
			isa = XCBuildConfiguration;
			baseConfigurationReference = DC9C33E913B5024400931BF2 /* BuildSettings-Release-Mac.xcconfig */;
			buildSettings = {
			};
			name = Release;
		};
/* End XCBuildConfiguration section */

/* Begin XCConfigurationList section */
		DCC1A0DB13A94EC0005BD75D /* Build configuration list for PBXProject "Conquer" */ = {
			isa = XCConfigurationList;
			buildConfigurations = (
				DCC1A0DD13A94EC0005BD75D /* Debug */,
				DCC1A0DE13A94EC0005BD75D /* Release */,
			);
			defaultConfigurationIsVisible = 0;
			defaultConfigurationName = Release;
		};
		DCC1A25313A94ED7005BD75D /* Build configuration list for PBXNativeTarget "Conquer-iOS" */ = {
			isa = XCConfigurationList;
			buildConfigurations = (
				DCC1A25413A94ED7005BD75D /* Debug */,
				DCC1A25513A94ED7005BD75D /* Release */,
			);
			defaultConfigurationIsVisible = 0;
			defaultConfigurationName = Release;
		};
		DCC1A38913A94EE7005BD75D /* Build configuration list for PBXNativeTarget "Conquer-Mac" */ = {
			isa = XCConfigurationList;
			buildConfigurations = (
				DCC1A38A13A94EE7005BD75D /* Debug */,
				DCC1A38B13A94EE7005BD75D /* Release */,
			);
			defaultConfigurationIsVisible = 0;
			defaultConfigurationName = Release;
		};
/* End XCConfigurationList section */
	};
	rootObject = DCC1A0D813A94EC0005BD75D /* Project object */;
}
